// !$*UTF8*$!
{
	archiveVersion = 1;
	classes = {
	};
	objectVersion = 46;
	objects = {

/* Begin PBXBuildFile section */
		90C8FB1321AF5F6900C00A88 /* SwiftController+FreSwift.swift in Sources */ = {isa = PBXBuildFile; fileRef = 90C8FB1221AF5F6900C00A88 /* SwiftController+FreSwift.swift */; };
		CE05603F1FB25CE200D06976 /* FreSwift.framework in Frameworks */ = {isa = PBXBuildFile; fileRef = CE05603E1FB25CE200D06976 /* FreSwift.framework */; };
		CE05604A1FB25DF600D06976 /* HelloWorldANE_LIB.h in Headers */ = {isa = PBXBuildFile; fileRef = CE87F4771FB259DB005CF7DF /* HelloWorldANE_LIB.h */; };
		CE05604E1FB25E8E00D06976 /* FreMacros.h in Headers */ = {isa = PBXBuildFile; fileRef = CE05604D1FB25E8E00D06976 /* FreMacros.h */; };
		CE87F4791FB259DB005CF7DF /* HelloWorldANE_LIB.m in Sources */ = {isa = PBXBuildFile; fileRef = CE87F4781FB259DB005CF7DF /* HelloWorldANE_LIB.m */; };
		CEA9AC21201E5F4500BFB223 /* SwiftController.swift in Sources */ = {isa = PBXBuildFile; fileRef = CEA9AC20201E5F4500BFB223 /* SwiftController.swift */; };
/* End PBXBuildFile section */

/* Begin PBXFileReference section */
		90C8FB1221AF5F6900C00A88 /* SwiftController+FreSwift.swift */ = {isa = PBXFileReference; lastKnownFileType = sourcecode.swift; path = "SwiftController+FreSwift.swift"; sourceTree = "<group>"; };
		CE05603E1FB25CE200D06976 /* FreSwift.framework */ = {isa = PBXFileReference; lastKnownFileType = wrapper.framework; name = FreSwift.framework; path = Carthage/Build/iOS/FreSwift.framework; sourceTree = "<group>"; };
		CE05604D1FB25E8E00D06976 /* FreMacros.h */ = {isa = PBXFileReference; fileEncoding = 4; lastKnownFileType = sourcecode.c.h; path = FreMacros.h; sourceTree = "<group>"; };
		CE87F4751FB259DB005CF7DF /* libHelloWorldANE_LIB.a */ = {isa = PBXFileReference; explicitFileType = archive.ar; includeInIndex = 0; path = libHelloWorldANE_LIB.a; sourceTree = BUILT_PRODUCTS_DIR; };
		CE87F4771FB259DB005CF7DF /* HelloWorldANE_LIB.h */ = {isa = PBXFileReference; lastKnownFileType = sourcecode.c.h; path = HelloWorldANE_LIB.h; sourceTree = "<group>"; };
		CE87F4781FB259DB005CF7DF /* HelloWorldANE_LIB.m */ = {isa = PBXFileReference; lastKnownFileType = sourcecode.c.objc; path = HelloWorldANE_LIB.m; sourceTree = "<group>"; };
		CEA9AC1F201E5F4400BFB223 /* HelloWorldANE_LIB-Bridging-Header.h */ = {isa = PBXFileReference; lastKnownFileType = sourcecode.c.h; path = "HelloWorldANE_LIB-Bridging-Header.h"; sourceTree = "<group>"; };
		CEA9AC20201E5F4500BFB223 /* SwiftController.swift */ = {isa = PBXFileReference; lastKnownFileType = sourcecode.swift; path = SwiftController.swift; sourceTree = "<group>"; };
/* End PBXFileReference section */

/* Begin PBXFrameworksBuildPhase section */
		CE87F4721FB259DB005CF7DF /* Frameworks */ = {
			isa = PBXFrameworksBuildPhase;
			buildActionMask = 2147483647;
			files = (
				CE05603F1FB25CE200D06976 /* FreSwift.framework in Frameworks */,
			);
			runOnlyForDeploymentPostprocessing = 0;
		};
/* End PBXFrameworksBuildPhase section */

/* Begin PBXGroup section */
		CE05603D1FB25CD100D06976 /* Frameworks */ = {
			isa = PBXGroup;
			children = (
				CE05603E1FB25CE200D06976 /* FreSwift.framework */,
			);
			name = Frameworks;
			sourceTree = "<group>";
		};
		CE87F45C1FB259C9005CF7DF = {
			isa = PBXGroup;
			children = (
				CE05603D1FB25CD100D06976 /* Frameworks */,
				CE87F4761FB259DB005CF7DF /* HelloWorldANE_LIB */,
				CE87F4661FB259C9005CF7DF /* Products */,
			);
			sourceTree = "<group>";
		};
		CE87F4661FB259C9005CF7DF /* Products */ = {
			isa = PBXGroup;
			children = (
				CE87F4751FB259DB005CF7DF /* libHelloWorldANE_LIB.a */,
			);
			name = Products;
			sourceTree = "<group>";
		};
		CE87F4761FB259DB005CF7DF /* HelloWorldANE_LIB */ = {
			isa = PBXGroup;
			children = (
				CE05604D1FB25E8E00D06976 /* FreMacros.h */,
				CE87F4771FB259DB005CF7DF /* HelloWorldANE_LIB.h */,
				CE87F4781FB259DB005CF7DF /* HelloWorldANE_LIB.m */,
				CEA9AC20201E5F4500BFB223 /* SwiftController.swift */,
				CEA9AC1F201E5F4400BFB223 /* HelloWorldANE_LIB-Bridging-Header.h */,
				90C8FB1221AF5F6900C00A88 /* SwiftController+FreSwift.swift */,
			);
			path = HelloWorldANE_LIB;
			sourceTree = "<group>";
		};
/* End PBXGroup section */

/* Begin PBXHeadersBuildPhase section */
		CE0560481FB25DEC00D06976 /* Headers */ = {
			isa = PBXHeadersBuildPhase;
			buildActionMask = 2147483647;
			files = (
				CE05604A1FB25DF600D06976 /* HelloWorldANE_LIB.h in Headers */,
				CE05604E1FB25E8E00D06976 /* FreMacros.h in Headers */,
			);
			runOnlyForDeploymentPostprocessing = 0;
		};
/* End PBXHeadersBuildPhase section */

/* Begin PBXNativeTarget section */
		CE87F4741FB259DB005CF7DF /* HelloWorldANE_LIB */ = {
			isa = PBXNativeTarget;
			buildConfigurationList = CE87F47B1FB259DB005CF7DF /* Build configuration list for PBXNativeTarget "HelloWorldANE_LIB" */;
			buildPhases = (
				CE87F4711FB259DB005CF7DF /* Sources */,
				CE87F4721FB259DB005CF7DF /* Frameworks */,
				CE0560481FB25DEC00D06976 /* Headers */,
				CEDDADE01FBFB84900D6EB5F /* ShellScript */,
			);
			buildRules = (
			);
			dependencies = (
			);
			name = HelloWorldANE_LIB;
			productName = HelloWorldANE_LIB;
			productReference = CE87F4751FB259DB005CF7DF /* libHelloWorldANE_LIB.a */;
			productType = "com.apple.product-type.library.static";
		};
/* End PBXNativeTarget section */

/* Begin PBXProject section */
		CE87F45D1FB259C9005CF7DF /* Project object */ = {
			isa = PBXProject;
			attributes = {
				LastUpgradeCheck = 1100;
				ORGANIZATIONNAME = "Tua Rua Ltd";
				TargetAttributes = {
					CE87F4741FB259DB005CF7DF = {
						CreatedOnToolsVersion = 8.3;
						LastSwiftMigration = 1100;
						ProvisioningStyle = Automatic;
					};
				};
			};
			buildConfigurationList = CE87F4601FB259C9005CF7DF /* Build configuration list for PBXProject "HelloWorldANE" */;
			compatibilityVersion = "Xcode 3.2";
			developmentRegion = en;
			hasScannedForEncodings = 0;
			knownRegions = (
				en,
				Base,
			);
			mainGroup = CE87F45C1FB259C9005CF7DF;
			productRefGroup = CE87F4661FB259C9005CF7DF /* Products */;
			projectDirPath = "";
			projectRoot = "";
			targets = (
				CE87F4741FB259DB005CF7DF /* HelloWorldANE_LIB */,
			);
		};
/* End PBXProject section */

/* Begin PBXShellScriptBuildPhase section */
		CEDDADE01FBFB84900D6EB5F /* ShellScript */ = {
			isa = PBXShellScriptBuildPhase;
			buildActionMask = 12;
			files = (
			);
			inputPaths = (
			);
			outputPaths = (
			);
			runOnlyForDeploymentPostprocessing = 0;
			shellPath = /bin/sh;
			shellScript = "../../../native_extension/ane/build_ios.sh\n";
		};
/* End PBXShellScriptBuildPhase section */

/* Begin PBXSourcesBuildPhase section */
		CE87F4711FB259DB005CF7DF /* Sources */ = {
			isa = PBXSourcesBuildPhase;
			buildActionMask = 2147483647;
			files = (
				CE87F4791FB259DB005CF7DF /* HelloWorldANE_LIB.m in Sources */,
				CEA9AC21201E5F4500BFB223 /* SwiftController.swift in Sources */,
				90C8FB1321AF5F6900C00A88 /* SwiftController+FreSwift.swift in Sources */,
			);
			runOnlyForDeploymentPostprocessing = 0;
		};
/* End PBXSourcesBuildPhase section */

/* Begin XCBuildConfiguration section */
		CE87F46C1FB259C9005CF7DF /* Debug */ = {
			isa = XCBuildConfiguration;
			buildSettings = {
				ALWAYS_SEARCH_USER_PATHS = NO;
				CLANG_ANALYZER_LOCALIZABILITY_NONLOCALIZED = YES;
				CLANG_ANALYZER_NONNULL = YES;
				CLANG_ANALYZER_NUMBER_OBJECT_CONVERSION = YES_AGGRESSIVE;
				CLANG_CXX_LANGUAGE_STANDARD = "compiler-default";
				CLANG_CXX_LIBRARY = "compiler-default";
				CLANG_ENABLE_MODULES = YES;
				CLANG_ENABLE_OBJC_ARC = YES;
				CLANG_WARN_BLOCK_CAPTURE_AUTORELEASING = YES;
				CLANG_WARN_BOOL_CONVERSION = YES;
				CLANG_WARN_COMMA = YES;
				CLANG_WARN_CONSTANT_CONVERSION = YES;
				CLANG_WARN_DEPRECATED_OBJC_IMPLEMENTATIONS = YES;
				CLANG_WARN_DIRECT_OBJC_ISA_USAGE = YES_ERROR;
				CLANG_WARN_DOCUMENTATION_COMMENTS = YES;
				CLANG_WARN_EMPTY_BODY = YES;
				CLANG_WARN_ENUM_CONVERSION = YES;
				CLANG_WARN_INFINITE_RECURSION = YES;
				CLANG_WARN_INT_CONVERSION = YES;
				CLANG_WARN_NON_LITERAL_NULL_CONVERSION = YES;
				CLANG_WARN_OBJC_IMPLICIT_RETAIN_SELF = YES;
				CLANG_WARN_OBJC_LITERAL_CONVERSION = YES;
				CLANG_WARN_OBJC_ROOT_CLASS = YES_ERROR;
				CLANG_WARN_RANGE_LOOP_ANALYSIS = YES;
				CLANG_WARN_STRICT_PROTOTYPES = YES;
				CLANG_WARN_SUSPICIOUS_MOVE = YES;
				CLANG_WARN_UNREACHABLE_CODE = YES;
				CLANG_WARN__DUPLICATE_METHOD_MATCH = YES;
				"CODE_SIGN_IDENTITY[sdk=iphoneos*]" = "";
				COPY_PHASE_STRIP = NO;
				DEBUG_INFORMATION_FORMAT = dwarf;
				ENABLE_BITCODE = NO;
				ENABLE_STRICT_OBJC_MSGSEND = YES;
				ENABLE_TESTABILITY = YES;
				GCC_C_LANGUAGE_STANDARD = "compiler-default";
				GCC_DYNAMIC_NO_PIC = NO;
				GCC_NO_COMMON_BLOCKS = YES;
				GCC_OPTIMIZATION_LEVEL = 0;
				GCC_PREPROCESSOR_DEFINITIONS = (
					"DEBUG=1",
					"$(inherited)",
				);
				GCC_WARN_64_TO_32_BIT_CONVERSION = YES;
				GCC_WARN_ABOUT_RETURN_TYPE = YES_ERROR;
				GCC_WARN_UNDECLARED_SELECTOR = YES;
				GCC_WARN_UNINITIALIZED_AUTOS = YES_AGGRESSIVE;
				GCC_WARN_UNUSED_FUNCTION = YES;
				GCC_WARN_UNUSED_VARIABLE = YES;
				IPHONEOS_DEPLOYMENT_TARGET = 9.0;
				MTL_ENABLE_DEBUG_INFO = YES;
				ONLY_ACTIVE_ARCH = YES;
				OTHER_LDFLAGS = "-ObjC";
				SDKROOT = iphoneos;
				SWIFT_VERSION = 5.0;
			};
			name = Debug;
		};
		CE87F46D1FB259C9005CF7DF /* Release */ = {
			isa = XCBuildConfiguration;
			buildSettings = {
				ALWAYS_SEARCH_USER_PATHS = NO;
				CLANG_ANALYZER_LOCALIZABILITY_NONLOCALIZED = YES;
				CLANG_ANALYZER_NONNULL = YES;
				CLANG_ANALYZER_NUMBER_OBJECT_CONVERSION = YES_AGGRESSIVE;
				CLANG_CXX_LANGUAGE_STANDARD = "compiler-default";
				CLANG_CXX_LIBRARY = "compiler-default";
				CLANG_ENABLE_MODULES = YES;
				CLANG_ENABLE_OBJC_ARC = YES;
				CLANG_WARN_BLOCK_CAPTURE_AUTORELEASING = YES;
				CLANG_WARN_BOOL_CONVERSION = YES;
				CLANG_WARN_COMMA = YES;
				CLANG_WARN_CONSTANT_CONVERSION = YES;
				CLANG_WARN_DEPRECATED_OBJC_IMPLEMENTATIONS = YES;
				CLANG_WARN_DIRECT_OBJC_ISA_USAGE = YES_ERROR;
				CLANG_WARN_DOCUMENTATION_COMMENTS = YES;
				CLANG_WARN_EMPTY_BODY = YES;
				CLANG_WARN_ENUM_CONVERSION = YES;
				CLANG_WARN_INFINITE_RECURSION = YES;
				CLANG_WARN_INT_CONVERSION = YES;
				CLANG_WARN_NON_LITERAL_NULL_CONVERSION = YES;
				CLANG_WARN_OBJC_IMPLICIT_RETAIN_SELF = YES;
				CLANG_WARN_OBJC_LITERAL_CONVERSION = YES;
				CLANG_WARN_OBJC_ROOT_CLASS = YES_ERROR;
				CLANG_WARN_RANGE_LOOP_ANALYSIS = YES;
				CLANG_WARN_STRICT_PROTOTYPES = YES;
				CLANG_WARN_SUSPICIOUS_MOVE = YES;
				CLANG_WARN_UNREACHABLE_CODE = YES;
				CLANG_WARN__DUPLICATE_METHOD_MATCH = YES;
				"CODE_SIGN_IDENTITY[sdk=iphoneos*]" = "";
				COPY_PHASE_STRIP = NO;
				DEBUG_INFORMATION_FORMAT = "dwarf-with-dsym";
				ENABLE_BITCODE = NO;
				ENABLE_NS_ASSERTIONS = NO;
				ENABLE_STRICT_OBJC_MSGSEND = YES;
				GCC_C_LANGUAGE_STANDARD = "compiler-default";
				GCC_NO_COMMON_BLOCKS = YES;
				GCC_WARN_64_TO_32_BIT_CONVERSION = YES;
				GCC_WARN_ABOUT_RETURN_TYPE = YES_ERROR;
				GCC_WARN_UNDECLARED_SELECTOR = YES;
				GCC_WARN_UNINITIALIZED_AUTOS = YES_AGGRESSIVE;
				GCC_WARN_UNUSED_FUNCTION = YES;
				GCC_WARN_UNUSED_VARIABLE = YES;
				IPHONEOS_DEPLOYMENT_TARGET = 9.0;
				MTL_ENABLE_DEBUG_INFO = NO;
				OTHER_LDFLAGS = "-ObjC";
				SDKROOT = iphoneos;
				SWIFT_OPTIMIZATION_LEVEL = "-Owholemodule";
				SWIFT_VERSION = 5.0;
				VALIDATE_PRODUCT = YES;
			};
			name = Release;
		};
		CE87F47C1FB259DB005CF7DF /* Debug */ = {
			isa = XCBuildConfiguration;
			buildSettings = {
				ALWAYS_EMBED_SWIFT_STANDARD_LIBRARIES = NO;
				CLANG_CXX_LANGUAGE_STANDARD = "compiler-default";
				CLANG_CXX_LIBRARY = "compiler-default";
				CLANG_ENABLE_MODULES = YES;
				"CODE_SIGN_IDENTITY[sdk=iphoneos*]" = "";
				DEVELOPMENT_TEAM = "";
				ENABLE_BITCODE = NO;
				FRAMEWORK_SEARCH_PATHS = (
					"$(inherited)",
					"$(PROJECT_DIR)/Carthage/Build/iOS",
				);
				GCC_C_LANGUAGE_STANDARD = "compiler-default";
				IPHONEOS_DEPLOYMENT_TARGET = 9.0;
				LD_RUNPATH_SEARCH_PATHS = "$(inherited) @executable_path/Frameworks @loader_path/Frameworks";
				OTHER_LDFLAGS = "-ObjC";
				PRODUCT_NAME = "$(TARGET_NAME)";
				SKIP_INSTALL = YES;
				SWIFT_OBJC_BRIDGING_HEADER = "HelloWorldANE_LIB/HelloWorldANE_LIB-Bridging-Header.h";
				SWIFT_OPTIMIZATION_LEVEL = "-Onone";
				SWIFT_SWIFT3_OBJC_INFERENCE = Default;
				SWIFT_VERSION = 5.0;
			};
			name = Debug;
		};
		CE87F47D1FB259DB005CF7DF /* Release */ = {
			isa = XCBuildConfiguration;
			buildSettings = {
				ALWAYS_EMBED_SWIFT_STANDARD_LIBRARIES = NO;
				CLANG_CXX_LANGUAGE_STANDARD = "compiler-default";
				CLANG_CXX_LIBRARY = "compiler-default";
				CLANG_ENABLE_MODULES = YES;
				"CODE_SIGN_IDENTITY[sdk=iphoneos*]" = "";
				DEVELOPMENT_TEAM = "";
				ENABLE_BITCODE = NO;
				FRAMEWORK_SEARCH_PATHS = (
					"$(inherited)",
					"$(PROJECT_DIR)/Carthage/Build/iOS",
				);
				GCC_C_LANGUAGE_STANDARD = "compiler-default";
				IPHONEOS_DEPLOYMENT_TARGET = 9.0;
				LD_RUNPATH_SEARCH_PATHS = "$(inherited) @executable_path/Frameworks @loader_path/Frameworks";
				OTHER_LDFLAGS = "-ObjC";
				PRODUCT_NAME = "$(TARGET_NAME)";
				SKIP_INSTALL = YES;
				SWIFT_OBJC_BRIDGING_HEADER = "HelloWorldANE_LIB/HelloWorldANE_LIB-Bridging-Header.h";
				SWIFT_SWIFT3_OBJC_INFERENCE = Default;
				SWIFT_VERSION = 5.0;
			};
			name = Release;
		};
/* End XCBuildConfiguration section */

/* Begin XCConfigurationList section */
		CE87F4601FB259C9005CF7DF /* Build configuration list for PBXProject "HelloWorldANE" */ = {
			isa = XCConfigurationList;
			buildConfigurations = (
				CE87F46C1FB259C9005CF7DF /* Debug */,
				CE87F46D1FB259C9005CF7DF /* Release */,
			);
			defaultConfigurationIsVisible = 0;
			defaultConfigurationName = Release;
		};
		CE87F47B1FB259DB005CF7DF /* Build configuration list for PBXNativeTarget "HelloWorldANE_LIB" */ = {
			isa = XCConfigurationList;
			buildConfigurations = (
				CE87F47C1FB259DB005CF7DF /* Debug */,
				CE87F47D1FB259DB005CF7DF /* Release */,
			);
			defaultConfigurationIsVisible = 0;
			defaultConfigurationName = Release;
		};
/* End XCConfigurationList section */
	};
	rootObject = CE87F45D1FB259C9005CF7DF /* Project object */;
}
