// !$*UTF8*$!
{
	archiveVersion = 1;
	classes = {
	};
	objectVersion = 50;
	objects = {

/* Begin PBXBuildFile section */
		900A1CA7212600A700D8EB16 /* FreSwiftLogger.swift in Sources */ = {isa = PBXBuildFile; fileRef = 900A1CA6212600A700D8EB16 /* FreSwiftLogger.swift */; };
		900A1CA8212600A700D8EB16 /* FreSwiftLogger.swift in Sources */ = {isa = PBXBuildFile; fileRef = 900A1CA6212600A700D8EB16 /* FreSwiftLogger.swift */; };
		900A1CA9212600A700D8EB16 /* FreSwiftLogger.swift in Sources */ = {isa = PBXBuildFile; fileRef = 900A1CA6212600A700D8EB16 /* FreSwiftLogger.swift */; };
		90BA2C5D213DFD08002F1EB9 /* FreSwiftMainController.swift in Sources */ = {isa = PBXBuildFile; fileRef = 90BA2C5B213DFCA9002F1EB9 /* FreSwiftMainController.swift */; };
		90BA2C5E213DFD08002F1EB9 /* FreSwiftMainController.swift in Sources */ = {isa = PBXBuildFile; fileRef = 90BA2C5B213DFCA9002F1EB9 /* FreSwiftMainController.swift */; };
		90BA2C5F213DFD08002F1EB9 /* FreSwiftMainController.swift in Sources */ = {isa = PBXBuildFile; fileRef = 90BA2C5B213DFCA9002F1EB9 /* FreSwiftMainController.swift */; };
		90BA2C61213DFD28002F1EB9 /* FreSwiftController.swift in Sources */ = {isa = PBXBuildFile; fileRef = 90BA2C60213DFD28002F1EB9 /* FreSwiftController.swift */; };
		90BA2C62213DFD28002F1EB9 /* FreSwiftController.swift in Sources */ = {isa = PBXBuildFile; fileRef = 90BA2C60213DFD28002F1EB9 /* FreSwiftController.swift */; };
		90BA2C63213DFD28002F1EB9 /* FreSwiftController.swift in Sources */ = {isa = PBXBuildFile; fileRef = 90BA2C60213DFD28002F1EB9 /* FreSwiftController.swift */; };
		90E26D5B210394DF003E0B9B /* FreSwiftExampleANE_oc.h in Headers */ = {isa = PBXBuildFile; fileRef = 90E26D59210394DF003E0B9B /* FreSwiftExampleANE_oc.h */; };
		90E26D6321039542003E0B9B /* Cocoa.framework in Frameworks */ = {isa = PBXBuildFile; fileRef = 90E26D6221039542003E0B9B /* Cocoa.framework */; };
		90E26D8A210399F6003E0B9B /* FreSwiftHelper.swift in Sources */ = {isa = PBXBuildFile; fileRef = 90E26D81210399F6003E0B9B /* FreSwiftHelper.swift */; };
		90E26D8B210399F6003E0B9B /* FreObjectTypeSwift.swift in Sources */ = {isa = PBXBuildFile; fileRef = 90E26D82210399F6003E0B9B /* FreObjectTypeSwift.swift */; };
		90E26D8C210399F6003E0B9B /* FreByteArraySwift.swift in Sources */ = {isa = PBXBuildFile; fileRef = 90E26D83210399F6003E0B9B /* FreByteArraySwift.swift */; };
		90E26D8D210399F6003E0B9B /* FreError.swift in Sources */ = {isa = PBXBuildFile; fileRef = 90E26D84210399F6003E0B9B /* FreError.swift */; };
		90E26D90210399F6003E0B9B /* FreBitmapDataSwift.swift in Sources */ = {isa = PBXBuildFile; fileRef = 90E26D87210399F6003E0B9B /* FreBitmapDataSwift.swift */; };
		90E26D92210399F6003E0B9B /* FreContextSwift.swift in Sources */ = {isa = PBXBuildFile; fileRef = 90E26D89210399F6003E0B9B /* FreContextSwift.swift */; };
		90E26D9521039A00003E0B9B /* FrePoint.swift in Sources */ = {isa = PBXBuildFile; fileRef = 90E26D9321039A00003E0B9B /* FrePoint.swift */; };
		90E26D9621039A00003E0B9B /* FreRect.swift in Sources */ = {isa = PBXBuildFile; fileRef = 90E26D9421039A00003E0B9B /* FreRect.swift */; };
		90E26D9C21039A2C003E0B9B /* FlashRuntimeExtensions.swift in Sources */ = {isa = PBXBuildFile; fileRef = 90E26D9721039A2C003E0B9B /* FlashRuntimeExtensions.swift */; };
		90E26D9D21039A2C003E0B9B /* FreArgError.swift in Sources */ = {isa = PBXBuildFile; fileRef = 90E26D9821039A2C003E0B9B /* FreArgError.swift */; };
		90E26D9E21039A2C003E0B9B /* FreSwiftBridge.swift in Sources */ = {isa = PBXBuildFile; fileRef = 90E26D9921039A2C003E0B9B /* FreSwiftBridge.swift */; };
		90E26D9F21039A2C003E0B9B /* FreObjectSwift.swift in Sources */ = {isa = PBXBuildFile; fileRef = 90E26D9A21039A2C003E0B9B /* FreObjectSwift.swift */; };
		90E26DA021039A2C003E0B9B /* FREArray.swift in Sources */ = {isa = PBXBuildFile; fileRef = 90E26D9B21039A2C003E0B9B /* FREArray.swift */; };
		90E26DA121039AB5003E0B9B /* FlashRuntimeExtensions.h in Headers */ = {isa = PBXBuildFile; fileRef = 90E26D79210398D2003E0B9B /* FlashRuntimeExtensions.h */; settings = {ATTRIBUTES = (Public, ); }; };
		90E26DA321039AD2003E0B9B /* FreSwift.h in Headers */ = {isa = PBXBuildFile; fileRef = 90E26DA221039AD2003E0B9B /* FreSwift.h */; settings = {ATTRIBUTES = (Public, ); }; };
		90E26DB221039CB4003E0B9B /* FlashRuntimeExtensions.h in Headers */ = {isa = PBXBuildFile; fileRef = 90E26D79210398D2003E0B9B /* FlashRuntimeExtensions.h */; settings = {ATTRIBUTES = (Public, ); }; };
		90E26DB321039CBA003E0B9B /* FreSwift.h in Headers */ = {isa = PBXBuildFile; fileRef = 90E26DA221039AD2003E0B9B /* FreSwift.h */; settings = {ATTRIBUTES = (Public, ); }; };
		90E26DB421039CFA003E0B9B /* FlashRuntimeExtensions.swift in Sources */ = {isa = PBXBuildFile; fileRef = 90E26D9721039A2C003E0B9B /* FlashRuntimeExtensions.swift */; };
		90E26DB521039CFA003E0B9B /* FreArgError.swift in Sources */ = {isa = PBXBuildFile; fileRef = 90E26D9821039A2C003E0B9B /* FreArgError.swift */; };
		90E26DB621039CFA003E0B9B /* FREArray.swift in Sources */ = {isa = PBXBuildFile; fileRef = 90E26D9B21039A2C003E0B9B /* FREArray.swift */; };
		90E26DB721039CFA003E0B9B /* FreObjectSwift.swift in Sources */ = {isa = PBXBuildFile; fileRef = 90E26D9A21039A2C003E0B9B /* FreObjectSwift.swift */; };
		90E26DB821039CFA003E0B9B /* FreSwiftBridge.swift in Sources */ = {isa = PBXBuildFile; fileRef = 90E26D9921039A2C003E0B9B /* FreSwiftBridge.swift */; };
		90E26DBA21039CFA003E0B9B /* FreBitmapDataSwift.swift in Sources */ = {isa = PBXBuildFile; fileRef = 90E26D87210399F6003E0B9B /* FreBitmapDataSwift.swift */; };
		90E26DBB21039CFA003E0B9B /* FreByteArraySwift.swift in Sources */ = {isa = PBXBuildFile; fileRef = 90E26D83210399F6003E0B9B /* FreByteArraySwift.swift */; };
		90E26DBC21039CFA003E0B9B /* FreContextSwift.swift in Sources */ = {isa = PBXBuildFile; fileRef = 90E26D89210399F6003E0B9B /* FreContextSwift.swift */; };
		90E26DBD21039CFA003E0B9B /* FreError.swift in Sources */ = {isa = PBXBuildFile; fileRef = 90E26D84210399F6003E0B9B /* FreError.swift */; };
		90E26DBE21039CFA003E0B9B /* FreObjectTypeSwift.swift in Sources */ = {isa = PBXBuildFile; fileRef = 90E26D82210399F6003E0B9B /* FreObjectTypeSwift.swift */; };
		90E26DBF21039CFA003E0B9B /* FreSwiftHelper.swift in Sources */ = {isa = PBXBuildFile; fileRef = 90E26D81210399F6003E0B9B /* FreSwiftHelper.swift */; };
		90E26DC021039CFA003E0B9B /* FrePoint.swift in Sources */ = {isa = PBXBuildFile; fileRef = 90E26D9321039A00003E0B9B /* FrePoint.swift */; };
		90E26DC121039CFA003E0B9B /* FreRect.swift in Sources */ = {isa = PBXBuildFile; fileRef = 90E26D9421039A00003E0B9B /* FreRect.swift */; };
		90E26DD021039E2D003E0B9B /* Cocoa.framework in Frameworks */ = {isa = PBXBuildFile; fileRef = 90E26D6221039542003E0B9B /* Cocoa.framework */; };
		90E26DD321039E79003E0B9B /* Adobe AIR in Frameworks */ = {isa = PBXBuildFile; fileRef = 90E26DD121039E63003E0B9B /* Adobe AIR */; };
		90E26DD421039E7B003E0B9B /* Adobe AIR_64 in Frameworks */ = {isa = PBXBuildFile; fileRef = 90E26DD221039E69003E0B9B /* Adobe AIR_64 */; };
		90E26DD521039E84003E0B9B /* Adobe AIR in Frameworks */ = {isa = PBXBuildFile; fileRef = 90E26DD121039E63003E0B9B /* Adobe AIR */; };
		90E26DD621039E85003E0B9B /* Adobe AIR_64 in Frameworks */ = {isa = PBXBuildFile; fileRef = 90E26DD221039E69003E0B9B /* Adobe AIR_64 */; };
		90E26DD721039EAB003E0B9B /* FreSwift.h in Headers */ = {isa = PBXBuildFile; fileRef = 90E26DA221039AD2003E0B9B /* FreSwift.h */; settings = {ATTRIBUTES = (Public, ); }; };
		90E26DD821039EB1003E0B9B /* FlashRuntimeExtensions.h in Headers */ = {isa = PBXBuildFile; fileRef = 90E26D79210398D2003E0B9B /* FlashRuntimeExtensions.h */; settings = {ATTRIBUTES = (Public, ); }; };
		90E26DD921039EC2003E0B9B /* FreMacros.h in Headers */ = {isa = PBXBuildFile; fileRef = 90E26D7A210398D2003E0B9B /* FreMacros.h */; };
		90E26DDA21039EC9003E0B9B /* FreSwift_oc.h in Headers */ = {isa = PBXBuildFile; fileRef = 90E26DA421039B74003E0B9B /* FreSwift_oc.h */; };
		90E26DDB21039F03003E0B9B /* FlashRuntimeExtensions.swift in Sources */ = {isa = PBXBuildFile; fileRef = 90E26D9721039A2C003E0B9B /* FlashRuntimeExtensions.swift */; };
		90E26DDC21039F03003E0B9B /* FreArgError.swift in Sources */ = {isa = PBXBuildFile; fileRef = 90E26D9821039A2C003E0B9B /* FreArgError.swift */; };
		90E26DDD21039F03003E0B9B /* FREArray.swift in Sources */ = {isa = PBXBuildFile; fileRef = 90E26D9B21039A2C003E0B9B /* FREArray.swift */; };
		90E26DDE21039F03003E0B9B /* FreObjectSwift.swift in Sources */ = {isa = PBXBuildFile; fileRef = 90E26D9A21039A2C003E0B9B /* FreObjectSwift.swift */; };
		90E26DE021039F03003E0B9B /* FreBitmapDataSwift.swift in Sources */ = {isa = PBXBuildFile; fileRef = 90E26D87210399F6003E0B9B /* FreBitmapDataSwift.swift */; };
		90E26DE121039F03003E0B9B /* FreByteArraySwift.swift in Sources */ = {isa = PBXBuildFile; fileRef = 90E26D83210399F6003E0B9B /* FreByteArraySwift.swift */; };
		90E26DE221039F03003E0B9B /* FreContextSwift.swift in Sources */ = {isa = PBXBuildFile; fileRef = 90E26D89210399F6003E0B9B /* FreContextSwift.swift */; };
		90E26DE321039F03003E0B9B /* FreError.swift in Sources */ = {isa = PBXBuildFile; fileRef = 90E26D84210399F6003E0B9B /* FreError.swift */; };
		90E26DE421039F03003E0B9B /* FreObjectTypeSwift.swift in Sources */ = {isa = PBXBuildFile; fileRef = 90E26D82210399F6003E0B9B /* FreObjectTypeSwift.swift */; };
		90E26DE521039F03003E0B9B /* FreSwift.m in Sources */ = {isa = PBXBuildFile; fileRef = 90E26D86210399F6003E0B9B /* FreSwift.m */; };
		90E26DE621039F03003E0B9B /* FreSwift.swift in Sources */ = {isa = PBXBuildFile; fileRef = 90E26D85210399F6003E0B9B /* FreSwift.swift */; };
		90E26DE721039F03003E0B9B /* FreSwiftHelper.swift in Sources */ = {isa = PBXBuildFile; fileRef = 90E26D81210399F6003E0B9B /* FreSwiftHelper.swift */; };
		90E26DE821039F03003E0B9B /* FrePoint.swift in Sources */ = {isa = PBXBuildFile; fileRef = 90E26D9321039A00003E0B9B /* FrePoint.swift */; };
		90E26DE921039F03003E0B9B /* FreRect.swift in Sources */ = {isa = PBXBuildFile; fileRef = 90E26D9421039A00003E0B9B /* FreRect.swift */; };
		90E26DEE2103A210003E0B9B /* FreSwift.framework in Frameworks */ = {isa = PBXBuildFile; fileRef = 90E26DC821039DE8003E0B9B /* FreSwift.framework */; };
		90E26DEF2103A225003E0B9B /* FreMacros.h in Headers */ = {isa = PBXBuildFile; fileRef = 90E26D7A210398D2003E0B9B /* FreMacros.h */; };
		90E26DF32103A257003E0B9B /* FreSwiftExampleANE.m in Sources */ = {isa = PBXBuildFile; fileRef = 90E26DF02103A257003E0B9B /* FreSwiftExampleANE.m */; };
		90E26DF42103A257003E0B9B /* SwiftController+FreSwift.swift in Sources */ = {isa = PBXBuildFile; fileRef = 90E26DF12103A257003E0B9B /* SwiftController+FreSwift.swift */; };
		90E26DF52103A257003E0B9B /* SwiftController.swift in Sources */ = {isa = PBXBuildFile; fileRef = 90E26DF22103A257003E0B9B /* SwiftController.swift */; };
		90E26E052103A449003E0B9B /* FreSwiftExampleANE_FW.h in Headers */ = {isa = PBXBuildFile; fileRef = 90E26D66210395F4003E0B9B /* FreSwiftExampleANE_FW.h */; settings = {ATTRIBUTES = (Public, ); }; };
		90E26E062103A458003E0B9B /* SwiftController.swift in Sources */ = {isa = PBXBuildFile; fileRef = 90E26DF22103A257003E0B9B /* SwiftController.swift */; };
		90E26E072103A45E003E0B9B /* SwiftController+FreSwift.swift in Sources */ = {isa = PBXBuildFile; fileRef = 90E26DF12103A257003E0B9B /* SwiftController+FreSwift.swift */; };
		90E26E182103A577003E0B9B /* SwiftController.swift in Sources */ = {isa = PBXBuildFile; fileRef = 90E26DF22103A257003E0B9B /* SwiftController.swift */; };
		90E26E192103A57C003E0B9B /* SwiftController+FreSwift.swift in Sources */ = {isa = PBXBuildFile; fileRef = 90E26DF12103A257003E0B9B /* SwiftController+FreSwift.swift */; };
		90E26E1A2103A58C003E0B9B /* FreSwiftExampleANE_FW.h in Headers */ = {isa = PBXBuildFile; fileRef = 90E26D66210395F4003E0B9B /* FreSwiftExampleANE_FW.h */; settings = {ATTRIBUTES = (Public, ); }; };
		90E26E2D2103A8AB003E0B9B /* FreSwiftExampleANE.m in Sources */ = {isa = PBXBuildFile; fileRef = 90E26DF02103A257003E0B9B /* FreSwiftExampleANE.m */; };
		90E26E2E2103A8B4003E0B9B /* FreSwift.framework in Frameworks */ = {isa = PBXBuildFile; fileRef = 90E26DAA21039BA3003E0B9B /* FreSwift.framework */; };
		90E26E2F2103A8C1003E0B9B /* FreSwiftExampleANE_FW.framework in Frameworks */ = {isa = PBXBuildFile; fileRef = 90E26E0E2103A4D9003E0B9B /* FreSwiftExampleANE_FW.framework */; };
		90E26E322103A8FA003E0B9B /* FreMacros.h in Headers */ = {isa = PBXBuildFile; fileRef = 90E26D7A210398D2003E0B9B /* FreMacros.h */; };
		90E26E332103A904003E0B9B /* FreSwiftExampleANE_oc.h in Headers */ = {isa = PBXBuildFile; fileRef = 90E26D59210394DF003E0B9B /* FreSwiftExampleANE_oc.h */; };
		90E26E452103AA22003E0B9B /* FreSwiftExampleANE.m in Sources */ = {isa = PBXBuildFile; fileRef = 90E26DF02103A257003E0B9B /* FreSwiftExampleANE.m */; };
		90E26E462103AA2B003E0B9B /* FreSwift.framework in Frameworks */ = {isa = PBXBuildFile; fileRef = 90E26D6C2103963C003E0B9B /* FreSwift.framework */; };
		90E26E472103AA2B003E0B9B /* FreSwiftExampleANE_FW.framework in Frameworks */ = {isa = PBXBuildFile; fileRef = 90E26DFB2103A398003E0B9B /* FreSwiftExampleANE_FW.framework */; };
		90E26E492103AA4A003E0B9B /* FreMacros.h in Headers */ = {isa = PBXBuildFile; fileRef = 90E26D7A210398D2003E0B9B /* FreMacros.h */; };
		90E26E4B2103AA52003E0B9B /* FreSwiftExampleANE_oc.h in Headers */ = {isa = PBXBuildFile; fileRef = 90E26D59210394DF003E0B9B /* FreSwiftExampleANE_oc.h */; };
/* End PBXBuildFile section */

/* Begin PBXContainerItemProxy section */
		90E26DEC2103A205003E0B9B /* PBXContainerItemProxy */ = {
			isa = PBXContainerItemProxy;
			containerPortal = 90E26D4D210394DF003E0B9B /* Project object */;
			proxyType = 1;
			remoteGlobalIDString = 90E26DC721039DE8003E0B9B;
			remoteInfo = "FreSwift (OSX)";
		};
		90E26E032103A42E003E0B9B /* PBXContainerItemProxy */ = {
			isa = PBXContainerItemProxy;
			containerPortal = 90E26D4D210394DF003E0B9B /* Project object */;
			proxyType = 1;
			remoteGlobalIDString = 90E26D6B2103963C003E0B9B;
			remoteInfo = "FreSwift (tvOS)";
		};
		90E26E162103A569003E0B9B /* PBXContainerItemProxy */ = {
			isa = PBXContainerItemProxy;
			containerPortal = 90E26D4D210394DF003E0B9B /* Project object */;
			proxyType = 1;
			remoteGlobalIDString = 90E26DA921039BA3003E0B9B;
			remoteInfo = "FreSwift (iOS)";
		};
		90E26E292103A89D003E0B9B /* PBXContainerItemProxy */ = {
			isa = PBXContainerItemProxy;
			containerPortal = 90E26D4D210394DF003E0B9B /* Project object */;
			proxyType = 1;
			remoteGlobalIDString = 90E26E0D2103A4D9003E0B9B;
			remoteInfo = "FreSwiftExampleANE_FW (iOS)";
		};
		90E26E2B2103A8A1003E0B9B /* PBXContainerItemProxy */ = {
			isa = PBXContainerItemProxy;
			containerPortal = 90E26D4D210394DF003E0B9B /* Project object */;
			proxyType = 1;
			remoteGlobalIDString = 90E26DA921039BA3003E0B9B;
			remoteInfo = "FreSwift (iOS)";
		};
		90E26E412103AA14003E0B9B /* PBXContainerItemProxy */ = {
			isa = PBXContainerItemProxy;
			containerPortal = 90E26D4D210394DF003E0B9B /* Project object */;
			proxyType = 1;
			remoteGlobalIDString = 90E26DFA2103A398003E0B9B;
			remoteInfo = "FreSwiftExampleANE_FW (tvOS)";
		};
		90E26E432103AA14003E0B9B /* PBXContainerItemProxy */ = {
			isa = PBXContainerItemProxy;
			containerPortal = 90E26D4D210394DF003E0B9B /* Project object */;
			proxyType = 1;
			remoteGlobalIDString = 90E26D6B2103963C003E0B9B;
			remoteInfo = "FreSwift (tvOS)";
		};
/* End PBXContainerItemProxy section */

/* Begin PBXFileReference section */
		900A1CA6212600A700D8EB16 /* FreSwiftLogger.swift */ = {isa = PBXFileReference; lastKnownFileType = sourcecode.swift; path = FreSwiftLogger.swift; sourceTree = "<group>"; };
		90BA2C5B213DFCA9002F1EB9 /* FreSwiftMainController.swift */ = {isa = PBXFileReference; lastKnownFileType = sourcecode.swift; path = FreSwiftMainController.swift; sourceTree = "<group>"; };
		90BA2C60213DFD28002F1EB9 /* FreSwiftController.swift */ = {isa = PBXFileReference; lastKnownFileType = sourcecode.swift; path = FreSwiftController.swift; sourceTree = "<group>"; };
		90E26D56210394DF003E0B9B /* FreSwiftExampleANE.framework */ = {isa = PBXFileReference; explicitFileType = wrapper.framework; includeInIndex = 0; path = FreSwiftExampleANE.framework; sourceTree = BUILT_PRODUCTS_DIR; };
		90E26D59210394DF003E0B9B /* FreSwiftExampleANE_oc.h */ = {isa = PBXFileReference; lastKnownFileType = sourcecode.c.h; path = FreSwiftExampleANE_oc.h; sourceTree = "<group>"; };
		90E26D5A210394DF003E0B9B /* Info.plist */ = {isa = PBXFileReference; lastKnownFileType = text.plist.xml; path = Info.plist; sourceTree = "<group>"; };
		90E26D6221039542003E0B9B /* Cocoa.framework */ = {isa = PBXFileReference; lastKnownFileType = wrapper.framework; name = Cocoa.framework; path = System/Library/Frameworks/Cocoa.framework; sourceTree = SDKROOT; };
		90E26D66210395F4003E0B9B /* FreSwiftExampleANE_FW.h */ = {isa = PBXFileReference; lastKnownFileType = sourcecode.c.h; path = FreSwiftExampleANE_FW.h; sourceTree = "<group>"; };
		90E26D6C2103963C003E0B9B /* FreSwift.framework */ = {isa = PBXFileReference; explicitFileType = wrapper.framework; includeInIndex = 0; path = FreSwift.framework; sourceTree = BUILT_PRODUCTS_DIR; };
		90E26D79210398D2003E0B9B /* FlashRuntimeExtensions.h */ = {isa = PBXFileReference; fileEncoding = 4; lastKnownFileType = sourcecode.c.h; path = FlashRuntimeExtensions.h; sourceTree = "<group>"; };
		90E26D7A210398D2003E0B9B /* FreMacros.h */ = {isa = PBXFileReference; fileEncoding = 4; lastKnownFileType = sourcecode.c.h; path = FreMacros.h; sourceTree = "<group>"; };
		90E26D8021039963003E0B9B /* Info.plist */ = {isa = PBXFileReference; lastKnownFileType = text.plist.xml; path = Info.plist; sourceTree = "<group>"; };
		90E26D81210399F6003E0B9B /* FreSwiftHelper.swift */ = {isa = PBXFileReference; fileEncoding = 4; lastKnownFileType = sourcecode.swift; path = FreSwiftHelper.swift; sourceTree = "<group>"; };
		90E26D82210399F6003E0B9B /* FreObjectTypeSwift.swift */ = {isa = PBXFileReference; fileEncoding = 4; lastKnownFileType = sourcecode.swift; path = FreObjectTypeSwift.swift; sourceTree = "<group>"; };
		90E26D83210399F6003E0B9B /* FreByteArraySwift.swift */ = {isa = PBXFileReference; fileEncoding = 4; lastKnownFileType = sourcecode.swift; path = FreByteArraySwift.swift; sourceTree = "<group>"; };
		90E26D84210399F6003E0B9B /* FreError.swift */ = {isa = PBXFileReference; fileEncoding = 4; lastKnownFileType = sourcecode.swift; path = FreError.swift; sourceTree = "<group>"; };
		90E26D85210399F6003E0B9B /* FreSwift.swift */ = {isa = PBXFileReference; fileEncoding = 4; lastKnownFileType = sourcecode.swift; path = FreSwift.swift; sourceTree = "<group>"; };
		90E26D86210399F6003E0B9B /* FreSwift.m */ = {isa = PBXFileReference; fileEncoding = 4; lastKnownFileType = sourcecode.c.objc; path = FreSwift.m; sourceTree = "<group>"; };
		90E26D87210399F6003E0B9B /* FreBitmapDataSwift.swift */ = {isa = PBXFileReference; fileEncoding = 4; lastKnownFileType = sourcecode.swift; path = FreBitmapDataSwift.swift; sourceTree = "<group>"; };
		90E26D89210399F6003E0B9B /* FreContextSwift.swift */ = {isa = PBXFileReference; fileEncoding = 4; lastKnownFileType = sourcecode.swift; path = FreContextSwift.swift; sourceTree = "<group>"; };
		90E26D9321039A00003E0B9B /* FrePoint.swift */ = {isa = PBXFileReference; fileEncoding = 4; lastKnownFileType = sourcecode.swift; path = FrePoint.swift; sourceTree = "<group>"; };
		90E26D9421039A00003E0B9B /* FreRect.swift */ = {isa = PBXFileReference; fileEncoding = 4; lastKnownFileType = sourcecode.swift; path = FreRect.swift; sourceTree = "<group>"; };
		90E26D9721039A2C003E0B9B /* FlashRuntimeExtensions.swift */ = {isa = PBXFileReference; fileEncoding = 4; lastKnownFileType = sourcecode.swift; path = FlashRuntimeExtensions.swift; sourceTree = "<group>"; };
		90E26D9821039A2C003E0B9B /* FreArgError.swift */ = {isa = PBXFileReference; fileEncoding = 4; lastKnownFileType = sourcecode.swift; path = FreArgError.swift; sourceTree = "<group>"; };
		90E26D9921039A2C003E0B9B /* FreSwiftBridge.swift */ = {isa = PBXFileReference; fileEncoding = 4; lastKnownFileType = sourcecode.swift; path = FreSwiftBridge.swift; sourceTree = "<group>"; };
		90E26D9A21039A2C003E0B9B /* FreObjectSwift.swift */ = {isa = PBXFileReference; fileEncoding = 4; lastKnownFileType = sourcecode.swift; path = FreObjectSwift.swift; sourceTree = "<group>"; };
		90E26D9B21039A2C003E0B9B /* FREArray.swift */ = {isa = PBXFileReference; fileEncoding = 4; lastKnownFileType = sourcecode.swift; path = FREArray.swift; sourceTree = "<group>"; };
		90E26DA221039AD2003E0B9B /* FreSwift.h */ = {isa = PBXFileReference; fileEncoding = 4; lastKnownFileType = sourcecode.c.h; path = FreSwift.h; sourceTree = "<group>"; };
		90E26DA421039B74003E0B9B /* FreSwift_oc.h */ = {isa = PBXFileReference; lastKnownFileType = sourcecode.c.h; path = FreSwift_oc.h; sourceTree = "<group>"; };
		90E26DAA21039BA3003E0B9B /* FreSwift.framework */ = {isa = PBXFileReference; explicitFileType = wrapper.framework; includeInIndex = 0; path = FreSwift.framework; sourceTree = BUILT_PRODUCTS_DIR; };
		90E26DC821039DE8003E0B9B /* FreSwift.framework */ = {isa = PBXFileReference; explicitFileType = wrapper.framework; includeInIndex = 0; path = FreSwift.framework; sourceTree = BUILT_PRODUCTS_DIR; };
		90E26DD121039E63003E0B9B /* Adobe AIR */ = {isa = PBXFileReference; lastKnownFileType = "compiled.mach-o.dylib"; name = "Adobe AIR"; path = "../../../../../SDKs/AIRSDK_31/runtimes/air-captive/mac/Adobe AIR.framework/Versions/1.0/Adobe AIR"; sourceTree = "<group>"; };
		90E26DD221039E69003E0B9B /* Adobe AIR_64 */ = {isa = PBXFileReference; lastKnownFileType = "compiled.mach-o.dylib"; name = "Adobe AIR_64"; path = "../../../../../SDKs/AIRSDK_31/runtimes/air-captive/mac/Adobe AIR.framework/Versions/1.0/Adobe AIR_64"; sourceTree = "<group>"; };
		90E26DEB2103A1D9003E0B9B /* .swiftlint.yml */ = {isa = PBXFileReference; lastKnownFileType = text; path = .swiftlint.yml; sourceTree = "<group>"; };
		90E26DF02103A257003E0B9B /* FreSwiftExampleANE.m */ = {isa = PBXFileReference; fileEncoding = 4; lastKnownFileType = sourcecode.c.objc; path = FreSwiftExampleANE.m; sourceTree = "<group>"; };
		90E26DF12103A257003E0B9B /* SwiftController+FreSwift.swift */ = {isa = PBXFileReference; fileEncoding = 4; lastKnownFileType = sourcecode.swift; path = "SwiftController+FreSwift.swift"; sourceTree = "<group>"; };
		90E26DF22103A257003E0B9B /* SwiftController.swift */ = {isa = PBXFileReference; fileEncoding = 4; lastKnownFileType = sourcecode.swift; path = SwiftController.swift; sourceTree = "<group>"; };
		90E26DFB2103A398003E0B9B /* FreSwiftExampleANE_FW.framework */ = {isa = PBXFileReference; explicitFileType = wrapper.framework; includeInIndex = 0; path = FreSwiftExampleANE_FW.framework; sourceTree = BUILT_PRODUCTS_DIR; };
		90E26E0E2103A4D9003E0B9B /* FreSwiftExampleANE_FW.framework */ = {isa = PBXFileReference; explicitFileType = wrapper.framework; includeInIndex = 0; path = FreSwiftExampleANE_FW.framework; sourceTree = BUILT_PRODUCTS_DIR; };
		90E26E202103A82A003E0B9B /* libFreSwiftExampleANE_LIB.a */ = {isa = PBXFileReference; explicitFileType = archive.ar; includeInIndex = 0; path = libFreSwiftExampleANE_LIB.a; sourceTree = BUILT_PRODUCTS_DIR; };
		90E26E382103A995003E0B9B /* libFreSwiftExampleANE_LIB.a */ = {isa = PBXFileReference; explicitFileType = archive.ar; includeInIndex = 0; path = libFreSwiftExampleANE_LIB.a; sourceTree = BUILT_PRODUCTS_DIR; };
/* End PBXFileReference section */

/* Begin PBXFrameworksBuildPhase section */
		90E26D52210394DF003E0B9B /* Frameworks */ = {
			isa = PBXFrameworksBuildPhase;
			buildActionMask = 2147483647;
			files = (
				90E26DD521039E84003E0B9B /* Adobe AIR in Frameworks */,
				90E26DD621039E85003E0B9B /* Adobe AIR_64 in Frameworks */,
				90E26D6321039542003E0B9B /* Cocoa.framework in Frameworks */,
				90E26DEE2103A210003E0B9B /* FreSwift.framework in Frameworks */,
			);
			runOnlyForDeploymentPostprocessing = 0;
		};
		90E26DA621039BA3003E0B9B /* Frameworks */ = {
			isa = PBXFrameworksBuildPhase;
			buildActionMask = 2147483647;
			files = (
			);
			runOnlyForDeploymentPostprocessing = 0;
		};
		90E26DC421039DE8003E0B9B /* Frameworks */ = {
			isa = PBXFrameworksBuildPhase;
			buildActionMask = 2147483647;
			files = (
				90E26DD321039E79003E0B9B /* Adobe AIR in Frameworks */,
				90E26DD421039E7B003E0B9B /* Adobe AIR_64 in Frameworks */,
				90E26DD021039E2D003E0B9B /* Cocoa.framework in Frameworks */,
			);
			runOnlyForDeploymentPostprocessing = 0;
		};
		90E26E1D2103A82A003E0B9B /* Frameworks */ = {
			isa = PBXFrameworksBuildPhase;
			buildActionMask = 2147483647;
			files = (
				90E26E2E2103A8B4003E0B9B /* FreSwift.framework in Frameworks */,
				90E26E2F2103A8C1003E0B9B /* FreSwiftExampleANE_FW.framework in Frameworks */,
			);
			runOnlyForDeploymentPostprocessing = 0;
		};
		90E26E352103A995003E0B9B /* Frameworks */ = {
			isa = PBXFrameworksBuildPhase;
			buildActionMask = 2147483647;
			files = (
				90E26E472103AA2B003E0B9B /* FreSwiftExampleANE_FW.framework in Frameworks */,
				90E26E462103AA2B003E0B9B /* FreSwift.framework in Frameworks */,
			);
			runOnlyForDeploymentPostprocessing = 0;
		};
/* End PBXFrameworksBuildPhase section */

/* Begin PBXGroup section */
		90E26D4C210394DF003E0B9B = {
			isa = PBXGroup;
			children = (
				90E26DEB2103A1D9003E0B9B /* .swiftlint.yml */,
				90E26D7421039684003E0B9B /* FreSwift */,
				90E26D58210394DF003E0B9B /* FreSwiftExampleANE */,
				90E26D57210394DF003E0B9B /* Products */,
				90E26D6121039541003E0B9B /* Frameworks */,
			);
			sourceTree = "<group>";
		};
		90E26D57210394DF003E0B9B /* Products */ = {
			isa = PBXGroup;
			children = (
				90E26D56210394DF003E0B9B /* FreSwiftExampleANE.framework */,
				90E26D6C2103963C003E0B9B /* FreSwift.framework */,
				90E26DAA21039BA3003E0B9B /* FreSwift.framework */,
				90E26DC821039DE8003E0B9B /* FreSwift.framework */,
				90E26DFB2103A398003E0B9B /* FreSwiftExampleANE_FW.framework */,
				90E26E0E2103A4D9003E0B9B /* FreSwiftExampleANE_FW.framework */,
				90E26E202103A82A003E0B9B /* libFreSwiftExampleANE_LIB.a */,
				90E26E382103A995003E0B9B /* libFreSwiftExampleANE_LIB.a */,
			);
			name = Products;
			sourceTree = "<group>";
		};
		90E26D58210394DF003E0B9B /* FreSwiftExampleANE */ = {
			isa = PBXGroup;
			children = (
				90E26DF02103A257003E0B9B /* FreSwiftExampleANE.m */,
				90E26DF22103A257003E0B9B /* SwiftController.swift */,
				90E26DF12103A257003E0B9B /* SwiftController+FreSwift.swift */,
				90E26D652103958B003E0B9B /* Headers */,
				90E26D6421039571003E0B9B /* Misc */,
			);
			path = FreSwiftExampleANE;
			sourceTree = "<group>";
		};
		90E26D6121039541003E0B9B /* Frameworks */ = {
			isa = PBXGroup;
			children = (
				90E26DD121039E63003E0B9B /* Adobe AIR */,
				90E26DD221039E69003E0B9B /* Adobe AIR_64 */,
				90E26D6221039542003E0B9B /* Cocoa.framework */,
			);
			name = Frameworks;
			sourceTree = "<group>";
		};
		90E26D6421039571003E0B9B /* Misc */ = {
			isa = PBXGroup;
			children = (
				90E26D5A210394DF003E0B9B /* Info.plist */,
			);
			path = Misc;
			sourceTree = "<group>";
		};
		90E26D652103958B003E0B9B /* Headers */ = {
			isa = PBXGroup;
			children = (
				90E26D59210394DF003E0B9B /* FreSwiftExampleANE_oc.h */,
				90E26D66210395F4003E0B9B /* FreSwiftExampleANE_FW.h */,
			);
			path = Headers;
			sourceTree = "<group>";
		};
		90E26D7421039684003E0B9B /* FreSwift */ = {
			isa = PBXGroup;
			children = (
				90E26D9721039A2C003E0B9B /* FlashRuntimeExtensions.swift */,
				90BA2C5B213DFCA9002F1EB9 /* FreSwiftMainController.swift */,
				90BA2C60213DFD28002F1EB9 /* FreSwiftController.swift */,
				90E26D9821039A2C003E0B9B /* FreArgError.swift */,
				90E26D9B21039A2C003E0B9B /* FREArray.swift */,
				90E26D9A21039A2C003E0B9B /* FreObjectSwift.swift */,
				90E26D9921039A2C003E0B9B /* FreSwiftBridge.swift */,
				90E26D87210399F6003E0B9B /* FreBitmapDataSwift.swift */,
				90E26D83210399F6003E0B9B /* FreByteArraySwift.swift */,
				90E26D89210399F6003E0B9B /* FreContextSwift.swift */,
				90E26D84210399F6003E0B9B /* FreError.swift */,
				90E26D82210399F6003E0B9B /* FreObjectTypeSwift.swift */,
				90E26D86210399F6003E0B9B /* FreSwift.m */,
				90E26D85210399F6003E0B9B /* FreSwift.swift */,
				90E26D81210399F6003E0B9B /* FreSwiftHelper.swift */,
				900A1CA6212600A700D8EB16 /* FreSwiftLogger.swift */,
				90E26D7F2103993A003E0B9B /* Misc */,
				90E26D7E2103991E003E0B9B /* Geom */,
				90E26D78210398BA003E0B9B /* Headers */,
			);
			path = FreSwift;
			sourceTree = "<group>";
		};
		90E26D78210398BA003E0B9B /* Headers */ = {
			isa = PBXGroup;
			children = (
				90E26DA421039B74003E0B9B /* FreSwift_oc.h */,
				90E26DA221039AD2003E0B9B /* FreSwift.h */,
				90E26D79210398D2003E0B9B /* FlashRuntimeExtensions.h */,
				90E26D7A210398D2003E0B9B /* FreMacros.h */,
			);
			name = Headers;
			sourceTree = "<group>";
		};
		90E26D7E2103991E003E0B9B /* Geom */ = {
			isa = PBXGroup;
			children = (
				90E26D9321039A00003E0B9B /* FrePoint.swift */,
				90E26D9421039A00003E0B9B /* FreRect.swift */,
			);
			path = Geom;
			sourceTree = "<group>";
		};
		90E26D7F2103993A003E0B9B /* Misc */ = {
			isa = PBXGroup;
			children = (
				90E26D8021039963003E0B9B /* Info.plist */,
			);
			name = Misc;
			sourceTree = "<group>";
		};
/* End PBXGroup section */

/* Begin PBXHeadersBuildPhase section */
		90E26D53210394DF003E0B9B /* Headers */ = {
			isa = PBXHeadersBuildPhase;
			buildActionMask = 2147483647;
			files = (
				90E26DEF2103A225003E0B9B /* FreMacros.h in Headers */,
				90E26D5B210394DF003E0B9B /* FreSwiftExampleANE_oc.h in Headers */,
			);
			runOnlyForDeploymentPostprocessing = 0;
		};
		90E26D692103963C003E0B9B /* Headers */ = {
			isa = PBXHeadersBuildPhase;
			buildActionMask = 2147483647;
			files = (
				90E26DA321039AD2003E0B9B /* FreSwift.h in Headers */,
				90E26DA121039AB5003E0B9B /* FlashRuntimeExtensions.h in Headers */,
			);
			runOnlyForDeploymentPostprocessing = 0;
		};
		90E26DA721039BA3003E0B9B /* Headers */ = {
			isa = PBXHeadersBuildPhase;
			buildActionMask = 2147483647;
			files = (
				90E26DB321039CBA003E0B9B /* FreSwift.h in Headers */,
				90E26DB221039CB4003E0B9B /* FlashRuntimeExtensions.h in Headers */,
			);
			runOnlyForDeploymentPostprocessing = 0;
		};
		90E26DC521039DE8003E0B9B /* Headers */ = {
			isa = PBXHeadersBuildPhase;
			buildActionMask = 2147483647;
			files = (
				90E26DD721039EAB003E0B9B /* FreSwift.h in Headers */,
				90E26DD821039EB1003E0B9B /* FlashRuntimeExtensions.h in Headers */,
				90E26DD921039EC2003E0B9B /* FreMacros.h in Headers */,
				90E26DDA21039EC9003E0B9B /* FreSwift_oc.h in Headers */,
			);
			runOnlyForDeploymentPostprocessing = 0;
		};
		90E26DF82103A398003E0B9B /* Headers */ = {
			isa = PBXHeadersBuildPhase;
			buildActionMask = 2147483647;
			files = (
				90E26E052103A449003E0B9B /* FreSwiftExampleANE_FW.h in Headers */,
			);
			runOnlyForDeploymentPostprocessing = 0;
		};
		90E26E0B2103A4D9003E0B9B /* Headers */ = {
			isa = PBXHeadersBuildPhase;
			buildActionMask = 2147483647;
			files = (
				90E26E1A2103A58C003E0B9B /* FreSwiftExampleANE_FW.h in Headers */,
			);
			runOnlyForDeploymentPostprocessing = 0;
		};
		90E26E302103A8CB003E0B9B /* Headers */ = {
			isa = PBXHeadersBuildPhase;
			buildActionMask = 2147483647;
			files = (
				90E26E322103A8FA003E0B9B /* FreMacros.h in Headers */,
				90E26E332103A904003E0B9B /* FreSwiftExampleANE_oc.h in Headers */,
			);
			runOnlyForDeploymentPostprocessing = 0;
		};
		90E26E482103AA3A003E0B9B /* Headers */ = {
			isa = PBXHeadersBuildPhase;
			buildActionMask = 2147483647;
			files = (
				90E26E4B2103AA52003E0B9B /* FreSwiftExampleANE_oc.h in Headers */,
				90E26E492103AA4A003E0B9B /* FreMacros.h in Headers */,
			);
			runOnlyForDeploymentPostprocessing = 0;
		};
/* End PBXHeadersBuildPhase section */

/* Begin PBXNativeTarget section */
		90E26D55210394DF003E0B9B /* FreSwiftExampleANE (OSX) */ = {
			isa = PBXNativeTarget;
			buildConfigurationList = 90E26D5E210394DF003E0B9B /* Build configuration list for PBXNativeTarget "FreSwiftExampleANE (OSX)" */;
			buildPhases = (
				90E26D51210394DF003E0B9B /* Sources */,
				90E26D52210394DF003E0B9B /* Frameworks */,
				90E26D53210394DF003E0B9B /* Headers */,
				90E26E4C2103AAA0003E0B9B /* ShellScript */,
				90E26E4D2103AAA2003E0B9B /* ShellScript */,
				90E26E4E2103AAA4003E0B9B /* ShellScript */,
			);
			buildRules = (
			);
			dependencies = (
				90E26DED2103A205003E0B9B /* PBXTargetDependency */,
			);
			name = "FreSwiftExampleANE (OSX)";
			productName = FreSwiftExampleANE;
			productReference = 90E26D56210394DF003E0B9B /* FreSwiftExampleANE.framework */;
			productType = "com.apple.product-type.framework";
		};
		90E26D6B2103963C003E0B9B /* FreSwift (tvOS) */ = {
			isa = PBXNativeTarget;
			buildConfigurationList = 90E26D712103963C003E0B9B /* Build configuration list for PBXNativeTarget "FreSwift (tvOS)" */;
			buildPhases = (
				90E26D672103963C003E0B9B /* Sources */,
				90E26D692103963C003E0B9B /* Headers */,
				90E26D7D210398FF003E0B9B /* ShellScript */,
			);
			buildRules = (
			);
			dependencies = (
			);
			name = "FreSwift (tvOS)";
			productName = "FreSwift (tvOS)";
			productReference = 90E26D6C2103963C003E0B9B /* FreSwift.framework */;
			productType = "com.apple.product-type.framework";
		};
		90E26DA921039BA3003E0B9B /* FreSwift (iOS) */ = {
			isa = PBXNativeTarget;
			buildConfigurationList = 90E26DAF21039BA3003E0B9B /* Build configuration list for PBXNativeTarget "FreSwift (iOS)" */;
			buildPhases = (
				90E26DA521039BA3003E0B9B /* Sources */,
				90E26DA621039BA3003E0B9B /* Frameworks */,
				90E26DA721039BA3003E0B9B /* Headers */,
				90E26DC221039D86003E0B9B /* ShellScript */,
			);
			buildRules = (
			);
			dependencies = (
			);
			name = "FreSwift (iOS)";
			productName = "FreSwift (iOS)";
			productReference = 90E26DAA21039BA3003E0B9B /* FreSwift.framework */;
			productType = "com.apple.product-type.framework";
		};
		90E26DC721039DE8003E0B9B /* FreSwift (OSX) */ = {
			isa = PBXNativeTarget;
			buildConfigurationList = 90E26DCD21039DE8003E0B9B /* Build configuration list for PBXNativeTarget "FreSwift (OSX)" */;
			buildPhases = (
				90E26DC321039DE8003E0B9B /* Sources */,
				90E26DC421039DE8003E0B9B /* Frameworks */,
				90E26DC521039DE8003E0B9B /* Headers */,
				90E26DEA2103A169003E0B9B /* ShellScript */,
			);
			buildRules = (
			);
			dependencies = (
			);
			name = "FreSwift (OSX)";
			productName = "FreSwift (OSX)";
			productReference = 90E26DC821039DE8003E0B9B /* FreSwift.framework */;
			productType = "com.apple.product-type.framework";
		};
		90E26DFA2103A398003E0B9B /* FreSwiftExampleANE_FW (tvOS) */ = {
			isa = PBXNativeTarget;
			buildConfigurationList = 90E26E002103A399003E0B9B /* Build configuration list for PBXNativeTarget "FreSwiftExampleANE_FW (tvOS)" */;
			buildPhases = (
				90E26DF62103A398003E0B9B /* Sources */,
				90E26DF82103A398003E0B9B /* Headers */,
				90E26E082103A4AF003E0B9B /* ShellScript */,
			);
			buildRules = (
			);
			dependencies = (
				90E26E042103A42E003E0B9B /* PBXTargetDependency */,
			);
			name = "FreSwiftExampleANE_FW (tvOS)";
			productName = "FreSwiftExampleANE_FW (tvOS)";
			productReference = 90E26DFB2103A398003E0B9B /* FreSwiftExampleANE_FW.framework */;
			productType = "com.apple.product-type.framework";
		};
		90E26E0D2103A4D9003E0B9B /* FreSwiftExampleANE_FW (iOS) */ = {
			isa = PBXNativeTarget;
			buildConfigurationList = 90E26E132103A4D9003E0B9B /* Build configuration list for PBXNativeTarget "FreSwiftExampleANE_FW (iOS)" */;
			buildPhases = (
				90E26E092103A4D9003E0B9B /* Sources */,
				90E26E0B2103A4D9003E0B9B /* Headers */,
				90E26E1B2103A594003E0B9B /* ShellScript */,
			);
			buildRules = (
			);
			dependencies = (
				90E26E172103A569003E0B9B /* PBXTargetDependency */,
			);
			name = "FreSwiftExampleANE_FW (iOS)";
			productName = "FreSwiftExampleANE_FW (iOS)";
			productReference = 90E26E0E2103A4D9003E0B9B /* FreSwiftExampleANE_FW.framework */;
			productType = "com.apple.product-type.framework";
		};
		90E26E1F2103A82A003E0B9B /* FreSwiftExampleANE_LIB (iOS) */ = {
			isa = PBXNativeTarget;
			buildConfigurationList = 90E26E262103A82A003E0B9B /* Build configuration list for PBXNativeTarget "FreSwiftExampleANE_LIB (iOS)" */;
			buildPhases = (
				90E26E1C2103A82A003E0B9B /* Sources */,
				90E26E1D2103A82A003E0B9B /* Frameworks */,
				90E26E302103A8CB003E0B9B /* Headers */,
				90E26E312103A8CD003E0B9B /* ShellScript */,
			);
			buildRules = (
			);
			dependencies = (
				90E26E2C2103A8A1003E0B9B /* PBXTargetDependency */,
				90E26E2A2103A89D003E0B9B /* PBXTargetDependency */,
			);
			name = "FreSwiftExampleANE_LIB (iOS)";
			productName = "FreSwiftExampleANE_LIB (iOS)";
			productReference = 90E26E202103A82A003E0B9B /* libFreSwiftExampleANE_LIB.a */;
			productType = "com.apple.product-type.library.static";
		};
		90E26E372103A995003E0B9B /* FreSwiftExampleANE_LIB (tvOS) */ = {
			isa = PBXNativeTarget;
			buildConfigurationList = 90E26E3E2103A995003E0B9B /* Build configuration list for PBXNativeTarget "FreSwiftExampleANE_LIB (tvOS)" */;
			buildPhases = (
				90E26E342103A995003E0B9B /* Sources */,
				90E26E352103A995003E0B9B /* Frameworks */,
				90E26E482103AA3A003E0B9B /* Headers */,
				90F42CEE2103ADE9001C85D9 /* ShellScript */,
			);
			buildRules = (
			);
			dependencies = (
				90E26E442103AA14003E0B9B /* PBXTargetDependency */,
				90E26E422103AA14003E0B9B /* PBXTargetDependency */,
			);
			name = "FreSwiftExampleANE_LIB (tvOS)";
			productName = "FreSwiftExampleANE_LIB (tvOS)";
			productReference = 90E26E382103A995003E0B9B /* libFreSwiftExampleANE_LIB.a */;
			productType = "com.apple.product-type.library.static";
		};
/* End PBXNativeTarget section */

/* Begin PBXProject section */
		90E26D4D210394DF003E0B9B /* Project object */ = {
			isa = PBXProject;
			attributes = {
				LastUpgradeCheck = 0940;
				ORGANIZATIONNAME = "Eoin Landy";
				TargetAttributes = {
					90E26D55210394DF003E0B9B = {
						CreatedOnToolsVersion = 9.4.1;
						LastSwiftMigration = 0940;
					};
					90E26D6B2103963C003E0B9B = {
						CreatedOnToolsVersion = 9.4.1;
						LastSwiftMigration = 1000;
					};
					90E26DA921039BA3003E0B9B = {
						CreatedOnToolsVersion = 9.4.1;
					};
					90E26DC721039DE8003E0B9B = {
						CreatedOnToolsVersion = 9.4.1;
					};
					90E26DFA2103A398003E0B9B = {
						CreatedOnToolsVersion = 9.4.1;
						LastSwiftMigration = 1000;
					};
					90E26E0D2103A4D9003E0B9B = {
						CreatedOnToolsVersion = 9.4.1;
					};
					90E26E1F2103A82A003E0B9B = {
						CreatedOnToolsVersion = 9.4.1;
					};
					90E26E372103A995003E0B9B = {
						CreatedOnToolsVersion = 9.4.1;
					};
				};
			};
			buildConfigurationList = 90E26D50210394DF003E0B9B /* Build configuration list for PBXProject "FreSwiftExampleANE" */;
			compatibilityVersion = "Xcode 9.3";
			developmentRegion = en;
			hasScannedForEncodings = 0;
			knownRegions = (
				en,
			);
			mainGroup = 90E26D4C210394DF003E0B9B;
			productRefGroup = 90E26D57210394DF003E0B9B /* Products */;
			projectDirPath = "";
			projectRoot = "";
			targets = (
				90E26D55210394DF003E0B9B /* FreSwiftExampleANE (OSX) */,
				90E26DFA2103A398003E0B9B /* FreSwiftExampleANE_FW (tvOS) */,
				90E26E0D2103A4D9003E0B9B /* FreSwiftExampleANE_FW (iOS) */,
				90E26D6B2103963C003E0B9B /* FreSwift (tvOS) */,
				90E26DA921039BA3003E0B9B /* FreSwift (iOS) */,
				90E26DC721039DE8003E0B9B /* FreSwift (OSX) */,
				90E26E1F2103A82A003E0B9B /* FreSwiftExampleANE_LIB (iOS) */,
				90E26E372103A995003E0B9B /* FreSwiftExampleANE_LIB (tvOS) */,
			);
		};
/* End PBXProject section */

/* Begin PBXShellScriptBuildPhase section */
		90E26D7D210398FF003E0B9B /* ShellScript */ = {
			isa = PBXShellScriptBuildPhase;
			buildActionMask = 2147483647;
			files = (
			);
			inputPaths = (
			);
			outputPaths = (
			);
			runOnlyForDeploymentPostprocessing = 0;
			shellPath = /bin/sh;
			shellScript = "if which swiftlint >/dev/null; then\nswiftlint\nelse\necho \"warning: SwiftLint not installed, download from https://github.com/realm/SwiftLint\"\nfi";
		};
		90E26DC221039D86003E0B9B /* ShellScript */ = {
			isa = PBXShellScriptBuildPhase;
			buildActionMask = 12;
			files = (
			);
			inputPaths = (
			);
			outputPaths = (
			);
			runOnlyForDeploymentPostprocessing = 0;
			shellPath = /bin/sh;
			shellScript = "if which swiftlint >/dev/null; then\nswiftlint\nelse\necho \"warning: SwiftLint not installed, download from https://github.com/realm/SwiftLint\"\nfi\n";
		};
		90E26DEA2103A169003E0B9B /* ShellScript */ = {
			isa = PBXShellScriptBuildPhase;
			buildActionMask = 12;
			files = (
			);
			inputPaths = (
			);
			outputPaths = (
			);
			runOnlyForDeploymentPostprocessing = 0;
			shellPath = /bin/sh;
			shellScript = "if which swiftlint >/dev/null; then\nswiftlint\nelse\necho \"warning: SwiftLint not installed, download from https://github.com/realm/SwiftLint\"\nfi\n";
		};
		90E26E082103A4AF003E0B9B /* ShellScript */ = {
			isa = PBXShellScriptBuildPhase;
			buildActionMask = 2147483647;
			files = (
			);
			inputPaths = (
			);
			outputPaths = (
			);
			runOnlyForDeploymentPostprocessing = 0;
			shellPath = /bin/sh;
			shellScript = "if which swiftlint >/dev/null; then\nswiftlint\nelse\necho \"warning: SwiftLint not installed, download from https://github.com/realm/SwiftLint\"\nfi";
		};
		90E26E1B2103A594003E0B9B /* ShellScript */ = {
			isa = PBXShellScriptBuildPhase;
			buildActionMask = 8;
			files = (
			);
			inputPaths = (
			);
			outputPaths = (
			);
			runOnlyForDeploymentPostprocessing = 1;
			shellPath = /bin/sh;
			shellScript = "if which swiftlint >/dev/null; then\nswiftlint\nelse\necho \"warning: SwiftLint not installed, download from https://github.com/realm/SwiftLint\"\nfi\n";
		};
		90E26E312103A8CD003E0B9B /* ShellScript */ = {
			isa = PBXShellScriptBuildPhase;
			buildActionMask = 8;
			files = (
			);
			inputPaths = (
			);
			outputPaths = (
			);
			runOnlyForDeploymentPostprocessing = 1;
			shellPath = /bin/sh;
			shellScript = "../../native_extension/ane/build.sh\n";
		};
		90E26E4C2103AAA0003E0B9B /* ShellScript */ = {
			isa = PBXShellScriptBuildPhase;
			buildActionMask = 2147483647;
			files = (
			);
			inputPaths = (
			);
			outputPaths = (
			);
			runOnlyForDeploymentPostprocessing = 0;
			shellPath = /bin/sh;
			shellScript = "if which swiftlint >/dev/null; then\nswiftlint\nelse\necho \"warning: SwiftLint not installed, download from https://github.com/realm/SwiftLint\"\nfi\n";
		};
		90E26E4D2103AAA2003E0B9B /* ShellScript */ = {
			isa = PBXShellScriptBuildPhase;
			buildActionMask = 12;
			files = (
			);
			inputPaths = (
			);
			outputPaths = (
			);
			runOnlyForDeploymentPostprocessing = 0;
			shellPath = /bin/sh;
			shellScript = "../../native_extension/ane/build.sh\n";
		};
		90E26E4E2103AAA4003E0B9B /* ShellScript */ = {
			isa = PBXShellScriptBuildPhase;
			buildActionMask = 12;
			files = (
			);
			inputPaths = (
			);
			outputPaths = (
			);
			runOnlyForDeploymentPostprocessing = 0;
			shellPath = /bin/sh;
			shellScript = "../../freswift_native_extension/ane/build_osx.sh\n";
		};
		90F42CEE2103ADE9001C85D9 /* ShellScript */ = {
			isa = PBXShellScriptBuildPhase;
			buildActionMask = 8;
			files = (
			);
			inputPaths = (
			);
			outputPaths = (
			);
			runOnlyForDeploymentPostprocessing = 1;
			shellPath = /bin/sh;
			shellScript = "../../native_extension/ane/build.sh\n";
		};
/* End PBXShellScriptBuildPhase section */

/* Begin PBXSourcesBuildPhase section */
		90E26D51210394DF003E0B9B /* Sources */ = {
			isa = PBXSourcesBuildPhase;
			buildActionMask = 2147483647;
			files = (
				90E26DF32103A257003E0B9B /* FreSwiftExampleANE.m in Sources */,
				90E26DF52103A257003E0B9B /* SwiftController.swift in Sources */,
				90E26DF42103A257003E0B9B /* SwiftController+FreSwift.swift in Sources */,
			);
			runOnlyForDeploymentPostprocessing = 0;
		};
		90E26D672103963C003E0B9B /* Sources */ = {
			isa = PBXSourcesBuildPhase;
			buildActionMask = 2147483647;
			files = (
				90BA2C5D213DFD08002F1EB9 /* FreSwiftMainController.swift in Sources */,
				90BA2C61213DFD28002F1EB9 /* FreSwiftController.swift in Sources */,
				90E26D9D21039A2C003E0B9B /* FreArgError.swift in Sources */,
				90E26DA021039A2C003E0B9B /* FREArray.swift in Sources */,
				90E26D9C21039A2C003E0B9B /* FlashRuntimeExtensions.swift in Sources */,
				90E26D9E21039A2C003E0B9B /* FreSwiftBridge.swift in Sources */,
				90E26D90210399F6003E0B9B /* FreBitmapDataSwift.swift in Sources */,
				90E26D8C210399F6003E0B9B /* FreByteArraySwift.swift in Sources */,
				90E26D9F21039A2C003E0B9B /* FreObjectSwift.swift in Sources */,
				90E26D8B210399F6003E0B9B /* FreObjectTypeSwift.swift in Sources */,
				90E26D8A210399F6003E0B9B /* FreSwiftHelper.swift in Sources */,
				900A1CA7212600A700D8EB16 /* FreSwiftLogger.swift in Sources */,
				90E26D8D210399F6003E0B9B /* FreError.swift in Sources */,
				90E26D92210399F6003E0B9B /* FreContextSwift.swift in Sources */,
				90E26D9621039A00003E0B9B /* FreRect.swift in Sources */,
				90E26D9521039A00003E0B9B /* FrePoint.swift in Sources */,
			);
			runOnlyForDeploymentPostprocessing = 0;
		};
		90E26DA521039BA3003E0B9B /* Sources */ = {
			isa = PBXSourcesBuildPhase;
			buildActionMask = 2147483647;
			files = (
				90BA2C5E213DFD08002F1EB9 /* FreSwiftMainController.swift in Sources */,
				90BA2C62213DFD28002F1EB9 /* FreSwiftController.swift in Sources */,
				90E26DB421039CFA003E0B9B /* FlashRuntimeExtensions.swift in Sources */,
				90E26DB521039CFA003E0B9B /* FreArgError.swift in Sources */,
				90E26DB621039CFA003E0B9B /* FREArray.swift in Sources */,
				90E26DB721039CFA003E0B9B /* FreObjectSwift.swift in Sources */,
				90E26DB821039CFA003E0B9B /* FreSwiftBridge.swift in Sources */,
				90E26DBA21039CFA003E0B9B /* FreBitmapDataSwift.swift in Sources */,
				90E26DBB21039CFA003E0B9B /* FreByteArraySwift.swift in Sources */,
				90E26DBC21039CFA003E0B9B /* FreContextSwift.swift in Sources */,
				90E26DBD21039CFA003E0B9B /* FreError.swift in Sources */,
				900A1CA8212600A700D8EB16 /* FreSwiftLogger.swift in Sources */,
				90E26DBE21039CFA003E0B9B /* FreObjectTypeSwift.swift in Sources */,
				90E26DBF21039CFA003E0B9B /* FreSwiftHelper.swift in Sources */,
				90E26DC021039CFA003E0B9B /* FrePoint.swift in Sources */,
				90E26DC121039CFA003E0B9B /* FreRect.swift in Sources */,
			);
			runOnlyForDeploymentPostprocessing = 0;
		};
		90E26DC321039DE8003E0B9B /* Sources */ = {
			isa = PBXSourcesBuildPhase;
			buildActionMask = 2147483647;
			files = (
				90E26DDB21039F03003E0B9B /* FlashRuntimeExtensions.swift in Sources */,
				90E26DDC21039F03003E0B9B /* FreArgError.swift in Sources */,
				900A1CA9212600A700D8EB16 /* FreSwiftLogger.swift in Sources */,
				90E26DDD21039F03003E0B9B /* FREArray.swift in Sources */,
				90E26DDE21039F03003E0B9B /* FreObjectSwift.swift in Sources */,
				90E26DE021039F03003E0B9B /* FreBitmapDataSwift.swift in Sources */,
				90E26DE121039F03003E0B9B /* FreByteArraySwift.swift in Sources */,
				90E26DE221039F03003E0B9B /* FreContextSwift.swift in Sources */,
				90E26DE321039F03003E0B9B /* FreError.swift in Sources */,
				90E26DE421039F03003E0B9B /* FreObjectTypeSwift.swift in Sources */,
				90BA2C5F213DFD08002F1EB9 /* FreSwiftMainController.swift in Sources */,
				90E26DE521039F03003E0B9B /* FreSwift.m in Sources */,
				90E26DE621039F03003E0B9B /* FreSwift.swift in Sources */,
				90E26DE721039F03003E0B9B /* FreSwiftHelper.swift in Sources */,
				90BA2C63213DFD28002F1EB9 /* FreSwiftController.swift in Sources */,
				90E26DE821039F03003E0B9B /* FrePoint.swift in Sources */,
				90E26DE921039F03003E0B9B /* FreRect.swift in Sources */,
			);
			runOnlyForDeploymentPostprocessing = 0;
		};
		90E26DF62103A398003E0B9B /* Sources */ = {
			isa = PBXSourcesBuildPhase;
			buildActionMask = 2147483647;
			files = (
				90E26E072103A45E003E0B9B /* SwiftController+FreSwift.swift in Sources */,
				90E26E062103A458003E0B9B /* SwiftController.swift in Sources */,
			);
			runOnlyForDeploymentPostprocessing = 0;
		};
		90E26E092103A4D9003E0B9B /* Sources */ = {
			isa = PBXSourcesBuildPhase;
			buildActionMask = 2147483647;
			files = (
				90E26E192103A57C003E0B9B /* SwiftController+FreSwift.swift in Sources */,
				90E26E182103A577003E0B9B /* SwiftController.swift in Sources */,
			);
			runOnlyForDeploymentPostprocessing = 0;
		};
		90E26E1C2103A82A003E0B9B /* Sources */ = {
			isa = PBXSourcesBuildPhase;
			buildActionMask = 2147483647;
			files = (
				90E26E2D2103A8AB003E0B9B /* FreSwiftExampleANE.m in Sources */,
			);
			runOnlyForDeploymentPostprocessing = 0;
		};
		90E26E342103A995003E0B9B /* Sources */ = {
			isa = PBXSourcesBuildPhase;
			buildActionMask = 2147483647;
			files = (
				90E26E452103AA22003E0B9B /* FreSwiftExampleANE.m in Sources */,
			);
			runOnlyForDeploymentPostprocessing = 0;
		};
/* End PBXSourcesBuildPhase section */

/* Begin PBXTargetDependency section */
		90E26DED2103A205003E0B9B /* PBXTargetDependency */ = {
			isa = PBXTargetDependency;
			target = 90E26DC721039DE8003E0B9B /* FreSwift (OSX) */;
			targetProxy = 90E26DEC2103A205003E0B9B /* PBXContainerItemProxy */;
		};
		90E26E042103A42E003E0B9B /* PBXTargetDependency */ = {
			isa = PBXTargetDependency;
			target = 90E26D6B2103963C003E0B9B /* FreSwift (tvOS) */;
			targetProxy = 90E26E032103A42E003E0B9B /* PBXContainerItemProxy */;
		};
		90E26E172103A569003E0B9B /* PBXTargetDependency */ = {
			isa = PBXTargetDependency;
			target = 90E26DA921039BA3003E0B9B /* FreSwift (iOS) */;
			targetProxy = 90E26E162103A569003E0B9B /* PBXContainerItemProxy */;
		};
		90E26E2A2103A89D003E0B9B /* PBXTargetDependency */ = {
			isa = PBXTargetDependency;
			target = 90E26E0D2103A4D9003E0B9B /* FreSwiftExampleANE_FW (iOS) */;
			targetProxy = 90E26E292103A89D003E0B9B /* PBXContainerItemProxy */;
		};
		90E26E2C2103A8A1003E0B9B /* PBXTargetDependency */ = {
			isa = PBXTargetDependency;
			target = 90E26DA921039BA3003E0B9B /* FreSwift (iOS) */;
			targetProxy = 90E26E2B2103A8A1003E0B9B /* PBXContainerItemProxy */;
		};
		90E26E422103AA14003E0B9B /* PBXTargetDependency */ = {
			isa = PBXTargetDependency;
			target = 90E26DFA2103A398003E0B9B /* FreSwiftExampleANE_FW (tvOS) */;
			targetProxy = 90E26E412103AA14003E0B9B /* PBXContainerItemProxy */;
		};
		90E26E442103AA14003E0B9B /* PBXTargetDependency */ = {
			isa = PBXTargetDependency;
			target = 90E26D6B2103963C003E0B9B /* FreSwift (tvOS) */;
			targetProxy = 90E26E432103AA14003E0B9B /* PBXContainerItemProxy */;
		};
/* End PBXTargetDependency section */

/* Begin XCBuildConfiguration section */
		90E26D5C210394DF003E0B9B /* Debug */ = {
			isa = XCBuildConfiguration;
			buildSettings = {
				ALWAYS_SEARCH_USER_PATHS = NO;
				CLANG_ANALYZER_NONNULL = YES;
				CLANG_ANALYZER_NUMBER_OBJECT_CONVERSION = YES_AGGRESSIVE;
				CLANG_CXX_LANGUAGE_STANDARD = "compiler-default";
				CLANG_CXX_LIBRARY = "compiler-default";
				CLANG_ENABLE_MODULES = YES;
				CLANG_ENABLE_OBJC_ARC = YES;
				CLANG_ENABLE_OBJC_WEAK = YES;
				CLANG_WARN_BLOCK_CAPTURE_AUTORELEASING = YES;
				CLANG_WARN_BOOL_CONVERSION = YES;
				CLANG_WARN_COMMA = YES;
				CLANG_WARN_CONSTANT_CONVERSION = YES;
				CLANG_WARN_DEPRECATED_OBJC_IMPLEMENTATIONS = YES;
				CLANG_WARN_DIRECT_OBJC_ISA_USAGE = YES_ERROR;
				CLANG_WARN_DOCUMENTATION_COMMENTS = YES;
				CLANG_WARN_EMPTY_BODY = YES;
				CLANG_WARN_ENUM_CONVERSION = YES;
				CLANG_WARN_INFINITE_RECURSION = YES;
				CLANG_WARN_INT_CONVERSION = YES;
				CLANG_WARN_NON_LITERAL_NULL_CONVERSION = YES;
				CLANG_WARN_OBJC_IMPLICIT_RETAIN_SELF = YES;
				CLANG_WARN_OBJC_LITERAL_CONVERSION = YES;
				CLANG_WARN_OBJC_ROOT_CLASS = YES_ERROR;
				CLANG_WARN_RANGE_LOOP_ANALYSIS = YES;
				CLANG_WARN_STRICT_PROTOTYPES = YES;
				CLANG_WARN_SUSPICIOUS_MOVE = YES;
				CLANG_WARN_UNGUARDED_AVAILABILITY = YES_AGGRESSIVE;
				CLANG_WARN_UNREACHABLE_CODE = YES;
				CLANG_WARN__DUPLICATE_METHOD_MATCH = YES;
				CODE_SIGN_IDENTITY = "Mac Developer";
				COPY_PHASE_STRIP = NO;
				CURRENT_PROJECT_VERSION = 1;
				DEBUG_INFORMATION_FORMAT = dwarf;
				ENABLE_STRICT_OBJC_MSGSEND = YES;
				ENABLE_TESTABILITY = YES;
				GCC_C_LANGUAGE_STANDARD = gnu11;
				GCC_DYNAMIC_NO_PIC = NO;
				GCC_NO_COMMON_BLOCKS = YES;
				GCC_OPTIMIZATION_LEVEL = 0;
				GCC_PREPROCESSOR_DEFINITIONS = (
					"DEBUG=1",
					"$(inherited)",
				);
				GCC_WARN_64_TO_32_BIT_CONVERSION = YES;
				GCC_WARN_ABOUT_RETURN_TYPE = YES_ERROR;
				GCC_WARN_UNDECLARED_SELECTOR = YES;
				GCC_WARN_UNINITIALIZED_AUTOS = YES_AGGRESSIVE;
				GCC_WARN_UNUSED_FUNCTION = YES;
				GCC_WARN_UNUSED_VARIABLE = YES;
				MACOSX_DEPLOYMENT_TARGET = 10.10;
				MTL_ENABLE_DEBUG_INFO = YES;
				ONLY_ACTIVE_ARCH = YES;
				SDKROOT = macosx;
				SWIFT_ACTIVE_COMPILATION_CONDITIONS = DEBUG;
				SWIFT_OPTIMIZATION_LEVEL = "-Onone";
				VERSIONING_SYSTEM = "apple-generic";
				VERSION_INFO_PREFIX = "";
			};
			name = Debug;
		};
		90E26D5D210394DF003E0B9B /* Release */ = {
			isa = XCBuildConfiguration;
			buildSettings = {
				ALWAYS_SEARCH_USER_PATHS = NO;
				CLANG_ANALYZER_NONNULL = YES;
				CLANG_ANALYZER_NUMBER_OBJECT_CONVERSION = YES_AGGRESSIVE;
				CLANG_CXX_LANGUAGE_STANDARD = "compiler-default";
				CLANG_CXX_LIBRARY = "compiler-default";
				CLANG_ENABLE_MODULES = YES;
				CLANG_ENABLE_OBJC_ARC = YES;
				CLANG_ENABLE_OBJC_WEAK = YES;
				CLANG_WARN_BLOCK_CAPTURE_AUTORELEASING = YES;
				CLANG_WARN_BOOL_CONVERSION = YES;
				CLANG_WARN_COMMA = YES;
				CLANG_WARN_CONSTANT_CONVERSION = YES;
				CLANG_WARN_DEPRECATED_OBJC_IMPLEMENTATIONS = YES;
				CLANG_WARN_DIRECT_OBJC_ISA_USAGE = YES_ERROR;
				CLANG_WARN_DOCUMENTATION_COMMENTS = YES;
				CLANG_WARN_EMPTY_BODY = YES;
				CLANG_WARN_ENUM_CONVERSION = YES;
				CLANG_WARN_INFINITE_RECURSION = YES;
				CLANG_WARN_INT_CONVERSION = YES;
				CLANG_WARN_NON_LITERAL_NULL_CONVERSION = YES;
				CLANG_WARN_OBJC_IMPLICIT_RETAIN_SELF = YES;
				CLANG_WARN_OBJC_LITERAL_CONVERSION = YES;
				CLANG_WARN_OBJC_ROOT_CLASS = YES_ERROR;
				CLANG_WARN_RANGE_LOOP_ANALYSIS = YES;
				CLANG_WARN_STRICT_PROTOTYPES = YES;
				CLANG_WARN_SUSPICIOUS_MOVE = YES;
				CLANG_WARN_UNGUARDED_AVAILABILITY = YES_AGGRESSIVE;
				CLANG_WARN_UNREACHABLE_CODE = YES;
				CLANG_WARN__DUPLICATE_METHOD_MATCH = YES;
				CODE_SIGN_IDENTITY = "Mac Developer";
				COPY_PHASE_STRIP = NO;
				CURRENT_PROJECT_VERSION = 1;
				DEBUG_INFORMATION_FORMAT = "dwarf-with-dsym";
				ENABLE_NS_ASSERTIONS = NO;
				ENABLE_STRICT_OBJC_MSGSEND = YES;
				GCC_C_LANGUAGE_STANDARD = gnu11;
				GCC_NO_COMMON_BLOCKS = YES;
				GCC_WARN_64_TO_32_BIT_CONVERSION = YES;
				GCC_WARN_ABOUT_RETURN_TYPE = YES_ERROR;
				GCC_WARN_UNDECLARED_SELECTOR = YES;
				GCC_WARN_UNINITIALIZED_AUTOS = YES_AGGRESSIVE;
				GCC_WARN_UNUSED_FUNCTION = YES;
				GCC_WARN_UNUSED_VARIABLE = YES;
				MACOSX_DEPLOYMENT_TARGET = 10.10;
				MTL_ENABLE_DEBUG_INFO = NO;
				SDKROOT = macosx;
				SWIFT_COMPILATION_MODE = wholemodule;
				SWIFT_OPTIMIZATION_LEVEL = "-O";
				VERSIONING_SYSTEM = "apple-generic";
				VERSION_INFO_PREFIX = "";
			};
			name = Release;
		};
		90E26D5F210394DF003E0B9B /* Debug */ = {
			isa = XCBuildConfiguration;
			buildSettings = {
				ALWAYS_EMBED_SWIFT_STANDARD_LIBRARIES = NO;
				CLANG_CXX_LANGUAGE_STANDARD = "compiler-default";
				CLANG_CXX_LIBRARY = "compiler-default";
				CLANG_ENABLE_MODULES = YES;
				CODE_SIGN_IDENTITY = "";
				CODE_SIGN_STYLE = Manual;
				COMBINE_HIDPI_IMAGES = YES;
				DEFINES_MODULE = YES;
				DEVELOPMENT_TEAM = "";
				DYLIB_COMPATIBILITY_VERSION = 1;
				DYLIB_CURRENT_VERSION = 1;
				DYLIB_INSTALL_NAME_BASE = "@rpath";
				FRAMEWORK_SEARCH_PATHS = /Users/eoinlandy/SDKs/AIRSDK_30/runtimes/air/mac;
				FRAMEWORK_VERSION = A;
				INFOPLIST_FILE = "$(SRCROOT)/FreSwiftExampleANE/Misc/Info.plist";
				INSTALL_PATH = "$(LOCAL_LIBRARY_DIR)/Frameworks";
				LD_RUNPATH_SEARCH_PATHS = (
					"$(inherited)",
					"@executable_path/../Frameworks",
					"@loader_path/Frameworks",
				);
				LIBRARY_SEARCH_PATHS = /Users/eoinlandy/SDKs/AIRSDK_30/runtimes/air/mac;
				MACOSX_DEPLOYMENT_TARGET = 10.10;
				OTHER_LDFLAGS = (
					"-weak_framework",
					"\"Adobe AIR\"",
					"-w",
				);
				PRODUCT_BUNDLE_IDENTIFIER = com.tuarua.FreSwiftExampleANE;
				PRODUCT_NAME = FreSwiftExampleANE;
				PROVISIONING_PROFILE_SPECIFIER = "";
				SKIP_INSTALL = YES;
				SWIFT_OPTIMIZATION_LEVEL = "-Onone";
				SWIFT_VERSION = 4.2;
			};
			name = Debug;
		};
		90E26D60210394DF003E0B9B /* Release */ = {
			isa = XCBuildConfiguration;
			buildSettings = {
				ALWAYS_EMBED_SWIFT_STANDARD_LIBRARIES = NO;
				CLANG_CXX_LANGUAGE_STANDARD = "compiler-default";
				CLANG_CXX_LIBRARY = "compiler-default";
				CLANG_ENABLE_MODULES = YES;
				CODE_SIGN_IDENTITY = "";
				CODE_SIGN_STYLE = Manual;
				COMBINE_HIDPI_IMAGES = YES;
				DEFINES_MODULE = YES;
				DEVELOPMENT_TEAM = "";
				DYLIB_COMPATIBILITY_VERSION = 1;
				DYLIB_CURRENT_VERSION = 1;
				DYLIB_INSTALL_NAME_BASE = "@rpath";
				FRAMEWORK_SEARCH_PATHS = /Users/eoinlandy/SDKs/AIRSDK_30/runtimes/air/mac;
				FRAMEWORK_VERSION = A;
				INFOPLIST_FILE = "$(SRCROOT)/FreSwiftExampleANE/Misc/Info.plist";
				INSTALL_PATH = "$(LOCAL_LIBRARY_DIR)/Frameworks";
				LD_RUNPATH_SEARCH_PATHS = (
					"$(inherited)",
					"@executable_path/../Frameworks",
					"@loader_path/Frameworks",
				);
				LIBRARY_SEARCH_PATHS = /Users/eoinlandy/SDKs/AIRSDK_30/runtimes/air/mac;
				MACOSX_DEPLOYMENT_TARGET = 10.10;
				OTHER_LDFLAGS = (
					"-weak_framework",
					"\"Adobe AIR\"",
					"-w",
				);
				PRODUCT_BUNDLE_IDENTIFIER = com.tuarua.FreSwiftExampleANE;
				PRODUCT_NAME = FreSwiftExampleANE;
				PROVISIONING_PROFILE_SPECIFIER = "";
				SKIP_INSTALL = YES;
				SWIFT_VERSION = 4.2;
			};
			name = Release;
		};
		90E26D722103963C003E0B9B /* Debug */ = {
			isa = XCBuildConfiguration;
			buildSettings = {
				CLANG_CXX_LANGUAGE_STANDARD = "compiler-default";
				CLANG_CXX_LIBRARY = "compiler-default";
				CLANG_ENABLE_MODULES = YES;
				CODE_SIGN_IDENTITY = "";
				CODE_SIGN_STYLE = Manual;
				DEFINES_MODULE = YES;
				DEVELOPMENT_TEAM = "";
				DYLIB_COMPATIBILITY_VERSION = 1;
				DYLIB_CURRENT_VERSION = 1;
				DYLIB_INSTALL_NAME_BASE = "@rpath";
				INFOPLIST_FILE = "$(SRCROOT)/FreSwift/Info.plist";
				INSTALL_PATH = "$(LOCAL_LIBRARY_DIR)/Frameworks";
				LD_RUNPATH_SEARCH_PATHS = (
					"$(inherited)",
					"@executable_path/Frameworks",
					"@loader_path/Frameworks",
				);
				OTHER_LDFLAGS = "-ObjC";
				PRODUCT_BUNDLE_IDENTIFIER = com.tuarua.FreSwift;
				PRODUCT_NAME = FreSwift;
				PROVISIONING_PROFILE_SPECIFIER = "";
				SDKROOT = appletvos;
				SKIP_INSTALL = YES;
				SWIFT_OBJC_INTERFACE_HEADER_NAME = "FreSwift-tvOS-Swift.h";
				SWIFT_OPTIMIZATION_LEVEL = "-Onone";
				SWIFT_VERSION = 4.2;
				TARGETED_DEVICE_FAMILY = 3;
				TVOS_DEPLOYMENT_TARGET = 9.2;
			};
			name = Debug;
		};
		90E26D732103963C003E0B9B /* Release */ = {
			isa = XCBuildConfiguration;
			buildSettings = {
				CLANG_CXX_LANGUAGE_STANDARD = "compiler-default";
				CLANG_CXX_LIBRARY = "compiler-default";
				CLANG_ENABLE_MODULES = YES;
				CODE_SIGN_IDENTITY = "";
				CODE_SIGN_STYLE = Manual;
				DEFINES_MODULE = YES;
				DEVELOPMENT_TEAM = "";
				DYLIB_COMPATIBILITY_VERSION = 1;
				DYLIB_CURRENT_VERSION = 1;
				DYLIB_INSTALL_NAME_BASE = "@rpath";
				INFOPLIST_FILE = "$(SRCROOT)/FreSwift/Info.plist";
				INSTALL_PATH = "$(LOCAL_LIBRARY_DIR)/Frameworks";
				LD_RUNPATH_SEARCH_PATHS = (
					"$(inherited)",
					"@executable_path/Frameworks",
					"@loader_path/Frameworks",
				);
				OTHER_LDFLAGS = "-ObjC";
				PRODUCT_BUNDLE_IDENTIFIER = com.tuarua.FreSwift;
				PRODUCT_NAME = FreSwift;
				PROVISIONING_PROFILE_SPECIFIER = "";
				SDKROOT = appletvos;
				SKIP_INSTALL = YES;
				SWIFT_OBJC_INTERFACE_HEADER_NAME = "FreSwift-tvOS-Swift.h";
				SWIFT_VERSION = 4.2;
				TARGETED_DEVICE_FAMILY = 3;
				TVOS_DEPLOYMENT_TARGET = 9.2;
				VALIDATE_PRODUCT = YES;
			};
			name = Release;
		};
		90E26DB021039BA3003E0B9B /* Debug */ = {
			isa = XCBuildConfiguration;
			buildSettings = {
				ALWAYS_EMBED_SWIFT_STANDARD_LIBRARIES = NO;
				CLANG_CXX_LANGUAGE_STANDARD = "compiler-default";
				CLANG_CXX_LIBRARY = "compiler-default";
				CODE_SIGN_IDENTITY = "";
				CODE_SIGN_STYLE = Manual;
				DEFINES_MODULE = YES;
				DEVELOPMENT_TEAM = "";
				DYLIB_COMPATIBILITY_VERSION = 1;
				DYLIB_CURRENT_VERSION = 1;
				DYLIB_INSTALL_NAME_BASE = "@rpath";
				ENABLE_BITCODE = NO;
				INFOPLIST_FILE = "$(SRCROOT)/FreSwift/Info.plist";
				INSTALL_PATH = "$(LOCAL_LIBRARY_DIR)/Frameworks";
				IPHONEOS_DEPLOYMENT_TARGET = 9.0;
				LD_RUNPATH_SEARCH_PATHS = (
					"$(inherited)",
					"@executable_path/Frameworks",
					"@loader_path/Frameworks",
				);
				OTHER_LDFLAGS = "-ObjC";
				PRODUCT_BUNDLE_IDENTIFIER = com.tuarua.FreSwift;
				PRODUCT_NAME = FreSwift;
				PROVISIONING_PROFILE_SPECIFIER = "";
				SDKROOT = iphoneos;
				SKIP_INSTALL = YES;
				SWIFT_OBJC_INTERFACE_HEADER_NAME = "FreSwift-iOS-Swift.h";
				SWIFT_VERSION = 4.2;
				TARGETED_DEVICE_FAMILY = "1,2";
			};
			name = Debug;
		};
		90E26DB121039BA3003E0B9B /* Release */ = {
			isa = XCBuildConfiguration;
			buildSettings = {
				ALWAYS_EMBED_SWIFT_STANDARD_LIBRARIES = NO;
				CLANG_CXX_LANGUAGE_STANDARD = "compiler-default";
				CLANG_CXX_LIBRARY = "compiler-default";
				CODE_SIGN_IDENTITY = "";
				CODE_SIGN_STYLE = Manual;
				DEFINES_MODULE = YES;
				DEVELOPMENT_TEAM = "";
				DYLIB_COMPATIBILITY_VERSION = 1;
				DYLIB_CURRENT_VERSION = 1;
				DYLIB_INSTALL_NAME_BASE = "@rpath";
				ENABLE_BITCODE = NO;
				INFOPLIST_FILE = "$(SRCROOT)/FreSwift/Info.plist";
				INSTALL_PATH = "$(LOCAL_LIBRARY_DIR)/Frameworks";
				IPHONEOS_DEPLOYMENT_TARGET = 9.0;
				LD_RUNPATH_SEARCH_PATHS = (
					"$(inherited)",
					"@executable_path/Frameworks",
					"@loader_path/Frameworks",
				);
				OTHER_LDFLAGS = "-ObjC";
				PRODUCT_BUNDLE_IDENTIFIER = com.tuarua.FreSwift;
				PRODUCT_NAME = FreSwift;
				PROVISIONING_PROFILE_SPECIFIER = "";
				SDKROOT = iphoneos;
				SKIP_INSTALL = YES;
				SWIFT_OBJC_INTERFACE_HEADER_NAME = "FreSwift-iOS-Swift.h";
				SWIFT_VERSION = 4.2;
				TARGETED_DEVICE_FAMILY = "1,2";
				VALIDATE_PRODUCT = YES;
			};
			name = Release;
		};
		90E26DCE21039DE8003E0B9B /* Debug */ = {
			isa = XCBuildConfiguration;
			buildSettings = {
				ALWAYS_EMBED_SWIFT_STANDARD_LIBRARIES = YES;
				CLANG_CXX_LANGUAGE_STANDARD = "compiler-default";
				CLANG_CXX_LIBRARY = "compiler-default";
				CODE_SIGN_IDENTITY = "";
				CODE_SIGN_STYLE = Manual;
				COMBINE_HIDPI_IMAGES = YES;
				DEFINES_MODULE = YES;
				DEVELOPMENT_TEAM = "";
				DYLIB_COMPATIBILITY_VERSION = 1;
				DYLIB_CURRENT_VERSION = 1;
				DYLIB_INSTALL_NAME_BASE = "@rpath";
				FRAMEWORK_SEARCH_PATHS = /Users/eoinlandy/SDKs/AIRSDK_30/runtimes/air/mac;
				FRAMEWORK_VERSION = A;
				GCC_C_LANGUAGE_STANDARD = "compiler-default";
				INFOPLIST_FILE = "$(SRCROOT)/FreSwift/Info.plist";
				INSTALL_PATH = "$(LOCAL_LIBRARY_DIR)/Frameworks";
				LD_RUNPATH_SEARCH_PATHS = (
					"$(inherited)",
					"@executable_path/../Frameworks",
					"@loader_path/Frameworks",
				);
				LIBRARY_SEARCH_PATHS = /Users/eoinlandy/SDKs/AIRSDK_30/runtimes/air/mac;
				MACOSX_DEPLOYMENT_TARGET = 10.10;
				OTHER_LDFLAGS = (
					"-weak_framework",
					"\"Adobe AIR\"",
					"-w",
				);
				PRODUCT_BUNDLE_IDENTIFIER = com.tuarua.FreSwift;
				PRODUCT_NAME = FreSwift;
				PROVISIONING_PROFILE_SPECIFIER = "";
				SKIP_INSTALL = YES;
				SWIFT_OBJC_INTERFACE_HEADER_NAME = "FreSwift-OSX-Swift.h";
				SWIFT_VERSION = 4.2;
			};
			name = Debug;
		};
		90E26DCF21039DE8003E0B9B /* Release */ = {
			isa = XCBuildConfiguration;
			buildSettings = {
				ALWAYS_EMBED_SWIFT_STANDARD_LIBRARIES = YES;
				CLANG_CXX_LANGUAGE_STANDARD = "compiler-default";
				CLANG_CXX_LIBRARY = "compiler-default";
				CODE_SIGN_IDENTITY = "";
				CODE_SIGN_STYLE = Manual;
				COMBINE_HIDPI_IMAGES = YES;
				DEFINES_MODULE = YES;
				DEVELOPMENT_TEAM = "";
				DYLIB_COMPATIBILITY_VERSION = 1;
				DYLIB_CURRENT_VERSION = 1;
				DYLIB_INSTALL_NAME_BASE = "@rpath";
				FRAMEWORK_SEARCH_PATHS = /Users/eoinlandy/SDKs/AIRSDK_30/runtimes/air/mac;
				FRAMEWORK_VERSION = A;
				GCC_C_LANGUAGE_STANDARD = "compiler-default";
				INFOPLIST_FILE = "$(SRCROOT)/FreSwift/Info.plist";
				INSTALL_PATH = "$(LOCAL_LIBRARY_DIR)/Frameworks";
				LD_RUNPATH_SEARCH_PATHS = (
					"$(inherited)",
					"@executable_path/../Frameworks",
					"@loader_path/Frameworks",
				);
				LIBRARY_SEARCH_PATHS = /Users/eoinlandy/SDKs/AIRSDK_30/runtimes/air/mac;
				MACOSX_DEPLOYMENT_TARGET = 10.10;
				OTHER_LDFLAGS = (
					"-weak_framework",
					"\"Adobe AIR\"",
					"-w",
				);
				PRODUCT_BUNDLE_IDENTIFIER = com.tuarua.FreSwift;
				PRODUCT_NAME = FreSwift;
				PROVISIONING_PROFILE_SPECIFIER = "";
				SKIP_INSTALL = YES;
				SWIFT_OBJC_INTERFACE_HEADER_NAME = "FreSwift-OSX-Swift.h";
				SWIFT_VERSION = 4.2;
			};
			name = Release;
		};
		90E26E012103A399003E0B9B /* Debug */ = {
			isa = XCBuildConfiguration;
			buildSettings = {
				CLANG_CXX_LANGUAGE_STANDARD = "compiler-default";
				CLANG_CXX_LIBRARY = "compiler-default";
				CODE_SIGN_IDENTITY = "";
				CODE_SIGN_STYLE = Manual;
				DEFINES_MODULE = YES;
				DEVELOPMENT_TEAM = "";
				DYLIB_COMPATIBILITY_VERSION = 1;
				DYLIB_CURRENT_VERSION = 1;
				DYLIB_INSTALL_NAME_BASE = "@rpath";
				INFOPLIST_FILE = "$(SRCROOT)/FreSwiftExampleANE/Misc/Info.plist";
				INSTALL_PATH = "$(LOCAL_LIBRARY_DIR)/Frameworks";
				LD_RUNPATH_SEARCH_PATHS = (
					"$(inherited)",
					"@executable_path/Frameworks",
					"@loader_path/Frameworks",
				);
				OTHER_LDFLAGS = "-ObjC";
				PRODUCT_BUNDLE_IDENTIFIER = com.tuarua.FreSwiftExampleANE;
				PRODUCT_NAME = FreSwiftExampleANE_FW;
				PROVISIONING_PROFILE_SPECIFIER = "";
				SDKROOT = appletvos;
				SKIP_INSTALL = YES;
				SWIFT_VERSION = 4.2;
				TARGETED_DEVICE_FAMILY = 3;
				TVOS_DEPLOYMENT_TARGET = 9.2;
			};
			name = Debug;
		};
		90E26E022103A399003E0B9B /* Release */ = {
			isa = XCBuildConfiguration;
			buildSettings = {
				CLANG_CXX_LANGUAGE_STANDARD = "compiler-default";
				CLANG_CXX_LIBRARY = "compiler-default";
				CODE_SIGN_IDENTITY = "";
				CODE_SIGN_STYLE = Manual;
				DEFINES_MODULE = YES;
				DEVELOPMENT_TEAM = "";
				DYLIB_COMPATIBILITY_VERSION = 1;
				DYLIB_CURRENT_VERSION = 1;
				DYLIB_INSTALL_NAME_BASE = "@rpath";
				INFOPLIST_FILE = "$(SRCROOT)/FreSwiftExampleANE/Misc/Info.plist";
				INSTALL_PATH = "$(LOCAL_LIBRARY_DIR)/Frameworks";
				LD_RUNPATH_SEARCH_PATHS = (
					"$(inherited)",
					"@executable_path/Frameworks",
					"@loader_path/Frameworks",
				);
				OTHER_LDFLAGS = "-ObjC";
				PRODUCT_BUNDLE_IDENTIFIER = com.tuarua.FreSwiftExampleANE;
				PRODUCT_NAME = FreSwiftExampleANE_FW;
				PROVISIONING_PROFILE_SPECIFIER = "";
				SDKROOT = appletvos;
				SKIP_INSTALL = YES;
				SWIFT_VERSION = 4.2;
				TARGETED_DEVICE_FAMILY = 3;
				TVOS_DEPLOYMENT_TARGET = 9.2;
				VALIDATE_PRODUCT = YES;
			};
			name = Release;
		};
		90E26E142103A4D9003E0B9B /* Debug */ = {
			isa = XCBuildConfiguration;
			buildSettings = {
				ALWAYS_EMBED_SWIFT_STANDARD_LIBRARIES = NO;
				CLANG_CXX_LANGUAGE_STANDARD = "compiler-default";
				CLANG_CXX_LIBRARY = "compiler-default";
				CODE_SIGN_IDENTITY = "";
				CODE_SIGN_STYLE = Manual;
				DEFINES_MODULE = YES;
				DEVELOPMENT_TEAM = "";
				DYLIB_COMPATIBILITY_VERSION = 1;
				DYLIB_CURRENT_VERSION = 1;
				DYLIB_INSTALL_NAME_BASE = "@rpath";
				ENABLE_BITCODE = NO;
				INFOPLIST_FILE = "$(SRCROOT)/FreSwiftExampleANE/Misc/Info.plist";
				INSTALL_PATH = "$(LOCAL_LIBRARY_DIR)/Frameworks";
				IPHONEOS_DEPLOYMENT_TARGET = 9.0;
				LD_RUNPATH_SEARCH_PATHS = (
					"$(inherited)",
					"@executable_path/Frameworks",
					"@loader_path/Frameworks",
				);
				OTHER_LDFLAGS = "-ObjC";
				PRODUCT_BUNDLE_IDENTIFIER = com.tuarua.FreSwiftExampleANE;
				PRODUCT_NAME = FreSwiftExampleANE_FW;
				PROVISIONING_PROFILE_SPECIFIER = "";
				SDKROOT = iphoneos;
				SKIP_INSTALL = YES;
				SWIFT_VERSION = 4.2;
				TARGETED_DEVICE_FAMILY = "1,2";
			};
			name = Debug;
		};
		90E26E152103A4D9003E0B9B /* Release */ = {
			isa = XCBuildConfiguration;
			buildSettings = {
				ALWAYS_EMBED_SWIFT_STANDARD_LIBRARIES = NO;
				CLANG_CXX_LANGUAGE_STANDARD = "compiler-default";
				CLANG_CXX_LIBRARY = "compiler-default";
				CODE_SIGN_IDENTITY = "";
				CODE_SIGN_STYLE = Manual;
				DEFINES_MODULE = YES;
				DEVELOPMENT_TEAM = "";
				DYLIB_COMPATIBILITY_VERSION = 1;
				DYLIB_CURRENT_VERSION = 1;
				DYLIB_INSTALL_NAME_BASE = "@rpath";
				ENABLE_BITCODE = NO;
				INFOPLIST_FILE = "$(SRCROOT)/FreSwiftExampleANE/Misc/Info.plist";
				INSTALL_PATH = "$(LOCAL_LIBRARY_DIR)/Frameworks";
				IPHONEOS_DEPLOYMENT_TARGET = 9.0;
				LD_RUNPATH_SEARCH_PATHS = (
					"$(inherited)",
					"@executable_path/Frameworks",
					"@loader_path/Frameworks",
				);
				OTHER_LDFLAGS = "-ObjC";
				PRODUCT_BUNDLE_IDENTIFIER = com.tuarua.FreSwiftExampleANE;
				PRODUCT_NAME = FreSwiftExampleANE_FW;
				PROVISIONING_PROFILE_SPECIFIER = "";
				SDKROOT = iphoneos;
				SKIP_INSTALL = YES;
				SWIFT_VERSION = 4.2;
				TARGETED_DEVICE_FAMILY = "1,2";
				VALIDATE_PRODUCT = YES;
			};
			name = Release;
		};
		90E26E272103A82A003E0B9B /* Debug */ = {
			isa = XCBuildConfiguration;
			buildSettings = {
				CLANG_CXX_LANGUAGE_STANDARD = "compiler-default";
				CLANG_CXX_LIBRARY = "compiler-default";
				CODE_SIGN_IDENTITY = "";
				CODE_SIGN_STYLE = Automatic;
				DEVELOPMENT_TEAM = "";
				ENABLE_BITCODE = NO;
				IPHONEOS_DEPLOYMENT_TARGET = 9.0;
				OTHER_LDFLAGS = "-ObjC";
				PRODUCT_NAME = FreSwiftExampleANE_LIB;
				SDKROOT = iphoneos;
				SKIP_INSTALL = YES;
				TARGETED_DEVICE_FAMILY = "1,2";
			};
			name = Debug;
		};
		90E26E282103A82A003E0B9B /* Release */ = {
			isa = XCBuildConfiguration;
			buildSettings = {
				CLANG_CXX_LANGUAGE_STANDARD = "compiler-default";
				CLANG_CXX_LIBRARY = "compiler-default";
				CODE_SIGN_IDENTITY = "";
				CODE_SIGN_STYLE = Automatic;
				DEVELOPMENT_TEAM = "";
				ENABLE_BITCODE = NO;
				IPHONEOS_DEPLOYMENT_TARGET = 9.0;
				OTHER_LDFLAGS = "-ObjC";
				PRODUCT_NAME = FreSwiftExampleANE_LIB;
				SDKROOT = iphoneos;
				SKIP_INSTALL = YES;
				TARGETED_DEVICE_FAMILY = "1,2";
				VALIDATE_PRODUCT = YES;
			};
			name = Release;
		};
		90E26E3F2103A995003E0B9B /* Debug */ = {
			isa = XCBuildConfiguration;
			buildSettings = {
				CLANG_CXX_LANGUAGE_STANDARD = "compiler-default";
				CLANG_CXX_LIBRARY = "compiler-default";
				CODE_SIGN_IDENTITY = "";
				CODE_SIGN_STYLE = Automatic;
				DEVELOPMENT_TEAM = "";
				OTHER_LDFLAGS = "-ObjC";
				PRODUCT_NAME = FreSwiftExampleANE_LIB;
				SDKROOT = appletvos;
				SKIP_INSTALL = YES;
				TARGETED_DEVICE_FAMILY = 3;
				TVOS_DEPLOYMENT_TARGET = 9.2;
			};
			name = Debug;
		};
		90E26E402103A995003E0B9B /* Release */ = {
			isa = XCBuildConfiguration;
			buildSettings = {
				CLANG_CXX_LANGUAGE_STANDARD = "compiler-default";
				CLANG_CXX_LIBRARY = "compiler-default";
				CODE_SIGN_IDENTITY = "";
				CODE_SIGN_STYLE = Automatic;
				DEVELOPMENT_TEAM = "";
				OTHER_LDFLAGS = "-ObjC";
				PRODUCT_NAME = FreSwiftExampleANE_LIB;
				SDKROOT = appletvos;
				SKIP_INSTALL = YES;
				TARGETED_DEVICE_FAMILY = 3;
				TVOS_DEPLOYMENT_TARGET = 9.2;
				VALIDATE_PRODUCT = YES;
			};
			name = Release;
		};
/* End XCBuildConfiguration section */

/* Begin XCConfigurationList section */
		90E26D50210394DF003E0B9B /* Build configuration list for PBXProject "FreSwiftExampleANE" */ = {
			isa = XCConfigurationList;
			buildConfigurations = (
				90E26D5C210394DF003E0B9B /* Debug */,
				90E26D5D210394DF003E0B9B /* Release */,
			);
			defaultConfigurationIsVisible = 0;
			defaultConfigurationName = Release;
		};
		90E26D5E210394DF003E0B9B /* Build configuration list for PBXNativeTarget "FreSwiftExampleANE (OSX)" */ = {
			isa = XCConfigurationList;
			buildConfigurations = (
				90E26D5F210394DF003E0B9B /* Debug */,
				90E26D60210394DF003E0B9B /* Release */,
			);
			defaultConfigurationIsVisible = 0;
			defaultConfigurationName = Release;
		};
		90E26D712103963C003E0B9B /* Build configuration list for PBXNativeTarget "FreSwift (tvOS)" */ = {
			isa = XCConfigurationList;
			buildConfigurations = (
				90E26D722103963C003E0B9B /* Debug */,
				90E26D732103963C003E0B9B /* Release */,
			);
			defaultConfigurationIsVisible = 0;
			defaultConfigurationName = Release;
		};
		90E26DAF21039BA3003E0B9B /* Build configuration list for PBXNativeTarget "FreSwift (iOS)" */ = {
			isa = XCConfigurationList;
			buildConfigurations = (
				90E26DB021039BA3003E0B9B /* Debug */,
				90E26DB121039BA3003E0B9B /* Release */,
			);
			defaultConfigurationIsVisible = 0;
			defaultConfigurationName = Release;
		};
		90E26DCD21039DE8003E0B9B /* Build configuration list for PBXNativeTarget "FreSwift (OSX)" */ = {
			isa = XCConfigurationList;
			buildConfigurations = (
				90E26DCE21039DE8003E0B9B /* Debug */,
				90E26DCF21039DE8003E0B9B /* Release */,
			);
			defaultConfigurationIsVisible = 0;
			defaultConfigurationName = Release;
		};
		90E26E002103A399003E0B9B /* Build configuration list for PBXNativeTarget "FreSwiftExampleANE_FW (tvOS)" */ = {
			isa = XCConfigurationList;
			buildConfigurations = (
				90E26E012103A399003E0B9B /* Debug */,
				90E26E022103A399003E0B9B /* Release */,
			);
			defaultConfigurationIsVisible = 0;
			defaultConfigurationName = Release;
		};
		90E26E132103A4D9003E0B9B /* Build configuration list for PBXNativeTarget "FreSwiftExampleANE_FW (iOS)" */ = {
			isa = XCConfigurationList;
			buildConfigurations = (
				90E26E142103A4D9003E0B9B /* Debug */,
				90E26E152103A4D9003E0B9B /* Release */,
			);
			defaultConfigurationIsVisible = 0;
			defaultConfigurationName = Release;
		};
		90E26E262103A82A003E0B9B /* Build configuration list for PBXNativeTarget "FreSwiftExampleANE_LIB (iOS)" */ = {
			isa = XCConfigurationList;
			buildConfigurations = (
				90E26E272103A82A003E0B9B /* Debug */,
				90E26E282103A82A003E0B9B /* Release */,
			);
			defaultConfigurationIsVisible = 0;
			defaultConfigurationName = Release;
		};
		90E26E3E2103A995003E0B9B /* Build configuration list for PBXNativeTarget "FreSwiftExampleANE_LIB (tvOS)" */ = {
			isa = XCConfigurationList;
			buildConfigurations = (
				90E26E3F2103A995003E0B9B /* Debug */,
				90E26E402103A995003E0B9B /* Release */,
			);
			defaultConfigurationIsVisible = 0;
			defaultConfigurationName = Release;
		};
/* End XCConfigurationList section */
	};
	rootObject = 90E26D4D210394DF003E0B9B /* Project object */;
}
